// !$*UTF8*$!
{
	archiveVersion = 1;
	classes = {
	};
	objectVersion = 54;
	objects = {

/* Begin PBXBuildFile section */
		00E356F31AD99517003FC87E /* PryvoTests.m in Sources */ = {isa = PBXBuildFile; fileRef = 00E356F21AD99517003FC87E /* PryvoTests.m */; };
		045F8B2FC3354AD093FB900B /* MonaSans_Expanded-Bold.ttf in Resources */ = {isa = PBXBuildFile; fileRef = 12DBF186A3154B32BDF6655B /* MonaSans_Expanded-Bold.ttf */; };
		0C10CCF339C24162AD8DF836 /* MonaSans_Condensed-Light.ttf in Resources */ = {isa = PBXBuildFile; fileRef = CA7C5C097C0F44B4AE7A7BBD /* MonaSans_Condensed-Light.ttf */; };
		0ECCD34969C64BE6AFFB0087 /* MonaSans_SemiCondensed-ExtraBoldItalic.ttf in Resources */ = {isa = PBXBuildFile; fileRef = 8DB0EA21ADD44BF9A09922B3 /* MonaSans_SemiCondensed-ExtraBoldItalic.ttf */; };
		13053ED517D24C88967B6AF4 /* MonaSans_Condensed-ExtraLight.ttf in Resources */ = {isa = PBXBuildFile; fileRef = DBC2CAA10C8C4C949EC51919 /* MonaSans_Condensed-ExtraLight.ttf */; };
		13B07FBC1A68108700A75B9A /* AppDelegate.mm in Sources */ = {isa = PBXBuildFile; fileRef = 13B07FB01A68108700A75B9A /* AppDelegate.mm */; };
		13B07FBF1A68108700A75B9A /* Images.xcassets in Resources */ = {isa = PBXBuildFile; fileRef = 13B07FB51A68108700A75B9A /* Images.xcassets */; };
		13B07FC11A68108700A75B9A /* main.m in Sources */ = {isa = PBXBuildFile; fileRef = 13B07FB71A68108700A75B9A /* main.m */; };
		14C7788C4E7E45058714C350 /* MonaSans_Expanded-Medium.ttf in Resources */ = {isa = PBXBuildFile; fileRef = 1C67D98C42D848AB8FD1107B /* MonaSans_Expanded-Medium.ttf */; };
		1602F86D52D245BB87BECEBC /* MonaSans_Expanded-SemiBoldItalic.ttf in Resources */ = {isa = PBXBuildFile; fileRef = 2FA344AA3CBE4A9089E7F80D /* MonaSans_Expanded-SemiBoldItalic.ttf */; };
		1CE957CFF80846B4AE48CE95 /* MonaSans-BoldItalic.ttf in Resources */ = {isa = PBXBuildFile; fileRef = BD29D809E39B4610962C3DF9 /* MonaSans-BoldItalic.ttf */; };
		1F5A87BCFE23417A91D3FDCE /* MonaSans_Condensed-BoldItalic.ttf in Resources */ = {isa = PBXBuildFile; fileRef = 9D566F3DE3624F9EA068FB18 /* MonaSans_Condensed-BoldItalic.ttf */; };
		2A018C765CCD49D5A19AB9CF /* MonaSans-Bold.ttf in Resources */ = {isa = PBXBuildFile; fileRef = 105B0CF742894CC18009EF26 /* MonaSans-Bold.ttf */; };
		2C223146176B44998635E119 /* MonaSans_SemiCondensed-ExtraLightItalic.ttf in Resources */ = {isa = PBXBuildFile; fileRef = AB521CF711D245E3A9B806AD /* MonaSans_SemiCondensed-ExtraLightItalic.ttf */; };
		2F969ECE9F064232850702A7 /* MonaSans_Condensed-Medium.ttf in Resources */ = {isa = PBXBuildFile; fileRef = 015FB328AA124B28994C2E5C /* MonaSans_Condensed-Medium.ttf */; };
		359D7C28AFA14D43B5B14743 /* MonaSans-ExtraBold.ttf in Resources */ = {isa = PBXBuildFile; fileRef = 493D8C3A406747CB8D69CFED /* MonaSans-ExtraBold.ttf */; };
		3BEB5FFD2B954A8A87F043F3 /* MonaSans_Condensed-BlackItalic.ttf in Resources */ = {isa = PBXBuildFile; fileRef = 9ECFD4F91E7647FFB2700F1C /* MonaSans_Condensed-BlackItalic.ttf */; };
		40A53B52F6C5494BB6264B17 /* MonaSans_Expanded-Light.ttf in Resources */ = {isa = PBXBuildFile; fileRef = 040428479DE44A3C98F083FF /* MonaSans_Expanded-Light.ttf */; };
		4143564C3E0744388D56F41F /* MonaSans_SemiCondensed-SemiBold.ttf in Resources */ = {isa = PBXBuildFile; fileRef = A46D4285B62F42A6845FAD1E /* MonaSans_SemiCondensed-SemiBold.ttf */; };
		422C7F470260481D866C226D /* MonaSans_SemiExpanded-Black.ttf in Resources */ = {isa = PBXBuildFile; fileRef = 0EAB8B6D7AEC4B5A9EBFAF79 /* MonaSans_SemiExpanded-Black.ttf */; };
		42BD686DCF16485782F1CEBE /* MonaSans_Expanded-ExtraBold.ttf in Resources */ = {isa = PBXBuildFile; fileRef = 0330B15107C24E06AB99904B /* MonaSans_Expanded-ExtraBold.ttf */; };
		458B22DF4C604C46A064966C /* MonaSans_Expanded-Italic.ttf in Resources */ = {isa = PBXBuildFile; fileRef = 13EF1849A41546E58EB9C717 /* MonaSans_Expanded-Italic.ttf */; };
		45AEF95A0A9B4E668F43B9AF /* MonaSans-Regular.ttf in Resources */ = {isa = PBXBuildFile; fileRef = 1FC3D5DB97B94956BDFA4D9A /* MonaSans-Regular.ttf */; };
		46733B005DE441FABCAEE0F7 /* MonaSans_Expanded-MediumItalic.ttf in Resources */ = {isa = PBXBuildFile; fileRef = 3D3ABF85D2504471A0A4AE6D /* MonaSans_Expanded-MediumItalic.ttf */; };
		4A466A7B17594809BEB5D9B4 /* MonaSans_SemiExpanded-ExtraLight.ttf in Resources */ = {isa = PBXBuildFile; fileRef = 62B10A2C83194FC5BDA97DB8 /* MonaSans_SemiExpanded-ExtraLight.ttf */; };
		4B94112198DC46F892584451 /* MonaSans_SemiCondensed-Light.ttf in Resources */ = {isa = PBXBuildFile; fileRef = BA45204D74AB41FFA75FA7A1 /* MonaSans_SemiCondensed-Light.ttf */; };
		4D21DB7B777549A6B3AC2096 /* MonaSans_SemiCondensed-ExtraLight.ttf in Resources */ = {isa = PBXBuildFile; fileRef = 1F9AA091518442C8B2E88DC6 /* MonaSans_SemiCondensed-ExtraLight.ttf */; };
		5CFD906A699542EE8E6F9AC5 /* MonaSans_Condensed-ExtraBold.ttf in Resources */ = {isa = PBXBuildFile; fileRef = 400A8660D846436D8CB32879 /* MonaSans_Condensed-ExtraBold.ttf */; };
		5E47069FAE84459791A254B3 /* MonaSans-Medium.ttf in Resources */ = {isa = PBXBuildFile; fileRef = CFE0DCBD52F14C23ADE75894 /* MonaSans-Medium.ttf */; };
		5F69A24C8E294E0AA1161EF5 /* MonaSans_Condensed-SemiBoldItalic.ttf in Resources */ = {isa = PBXBuildFile; fileRef = 77ADE885937C44DF96B930D6 /* MonaSans_Condensed-SemiBoldItalic.ttf */; };
		656C1F6B98CA46B48E664A19 /* MonaSans_SemiCondensed-SemiBoldItalic.ttf in Resources */ = {isa = PBXBuildFile; fileRef = F2D850DE392846FF9AE66519 /* MonaSans_SemiCondensed-SemiBoldItalic.ttf */; };
		66E30E5421054D199D8D7BE6 /* MonaSans_SemiExpanded-Medium.ttf in Resources */ = {isa = PBXBuildFile; fileRef = 554FDA10B3F14F198D392E60 /* MonaSans_SemiExpanded-Medium.ttf */; };
		6BC3979FFEDA476CB012F20B /* MonaSans-ExtraLightItalic.ttf in Resources */ = {isa = PBXBuildFile; fileRef = 441C68885B68465CBD17D516 /* MonaSans-ExtraLightItalic.ttf */; };
		6D02625E1C624B7FB56F41A2 /* MonaSans-MediumItalic.ttf in Resources */ = {isa = PBXBuildFile; fileRef = D8E259F6133246949AFD6C9B /* MonaSans-MediumItalic.ttf */; };
		6D2805D6075225B76232ED97 /* Pods_Pryvo.framework in Frameworks */ = {isa = PBXBuildFile; fileRef = 52F2A41E57165376CA7CAD26 /* Pods_Pryvo.framework */; };
		6E44ECBC335E4C64A6317DC4 /* MonaSans-Light.ttf in Resources */ = {isa = PBXBuildFile; fileRef = 945427F377EC4490B16FE4E2 /* MonaSans-Light.ttf */; };
		6F1C4D0FD1BE47EE95F01A33 /* MonaSans_Expanded-Regular.ttf in Resources */ = {isa = PBXBuildFile; fileRef = 9C69C5D3F026430D8DF93B14 /* MonaSans_Expanded-Regular.ttf */; };
		7254672903004E6089756949 /* MonaSans_SemiCondensed-LightItalic.ttf in Resources */ = {isa = PBXBuildFile; fileRef = D48F0877D43344099C9FF7DD /* MonaSans_SemiCondensed-LightItalic.ttf */; };
		73018264FB084842A193CFC6 /* MonaSans_SemiExpanded-Light.ttf in Resources */ = {isa = PBXBuildFile; fileRef = E323449C06C34AEB82C27A3B /* MonaSans_SemiExpanded-Light.ttf */; };
		738A6373531E621E10BB549F /* GoogleService-Info.plist in Resources */ = {isa = PBXBuildFile; fileRef = 738A6372531E621E10BB549F /* GoogleService-Info.plist */; };
		7489AFE34893441C92487C19 /* MonaSans_Condensed-Regular.ttf in Resources */ = {isa = PBXBuildFile; fileRef = A62E90B5EFF44902A782B5D4 /* MonaSans_Condensed-Regular.ttf */; };
		76F4D5B104104C39BC28E530 /* MonaSans-Italic.ttf in Resources */ = {isa = PBXBuildFile; fileRef = E07E3D2261394F7E91929261 /* MonaSans-Italic.ttf */; };
		78D856F49E354729B09348AA /* MonaSans-Black.ttf in Resources */ = {isa = PBXBuildFile; fileRef = FF6C35DB19E141BFB1AA2531 /* MonaSans-Black.ttf */; };
		79CB6E9B51F247EA9EFE2AE1 /* MonaSans_SemiCondensed-Medium.ttf in Resources */ = {isa = PBXBuildFile; fileRef = 9E653FE2E82D4429A23DD9BF /* MonaSans_SemiCondensed-Medium.ttf */; };
		7D066A343383489FB1E4FA64 /* MonaSans_Expanded-SemiBold.ttf in Resources */ = {isa = PBXBuildFile; fileRef = 7A2610189B1A4EE1BC7284E6 /* MonaSans_Expanded-SemiBold.ttf */; };
		81AB9BB82411601600AC10FF /* LaunchScreen.storyboard in Resources */ = {isa = PBXBuildFile; fileRef = 81AB9BB72411601600AC10FF /* LaunchScreen.storyboard */; };
		8840D5EA12134179A88B3043 /* MonaSans-LightItalic.ttf in Resources */ = {isa = PBXBuildFile; fileRef = 50F6493A5FDC49129BE1638C /* MonaSans-LightItalic.ttf */; };
		8B34E24474DA4FF285A2BE66 /* MonaSans_SemiExpanded-LightItalic.ttf in Resources */ = {isa = PBXBuildFile; fileRef = 1CE318B00FB349518ABFD8F8 /* MonaSans_SemiExpanded-LightItalic.ttf */; };
		8C03891DE15A442FB4ABBD1D /* MonaSans_Expanded-ExtraLight.ttf in Resources */ = {isa = PBXBuildFile; fileRef = 2028C0488F5D4BC581F98AFB /* MonaSans_Expanded-ExtraLight.ttf */; };
		908235CDB6BE4838B3106BF6 /* MonaSans_SemiExpanded-ExtraBoldItalic.ttf in Resources */ = {isa = PBXBuildFile; fileRef = 7D0DC9D413B64EF59E5208DB /* MonaSans_SemiExpanded-ExtraBoldItalic.ttf */; };
		908471584FE74514B6A150C8 /* MonaSans_Condensed-Black.ttf in Resources */ = {isa = PBXBuildFile; fileRef = D3601E3C0E3545A195FB6901 /* MonaSans_Condensed-Black.ttf */; };
		91DBC61A839144D3A78F3CD5 /* MonaSans_Condensed-ExtraLightItalic.ttf in Resources */ = {isa = PBXBuildFile; fileRef = 4BC47F8C522B4EA783A9B5EB /* MonaSans_Condensed-ExtraLightItalic.ttf */; };
		94382B5D09E5467EA973CF01 /* MonaSans_SemiExpanded-SemiBold.ttf in Resources */ = {isa = PBXBuildFile; fileRef = F9B3FD5ACC134A0EAF067057 /* MonaSans_SemiExpanded-SemiBold.ttf */; };
		94C8B439D91F486FA471FC30 /* MonaSans_Expanded-BoldItalic.ttf in Resources */ = {isa = PBXBuildFile; fileRef = 73A5B83B58564D98B8F5BF23 /* MonaSans_Expanded-BoldItalic.ttf */; };
		96A5307628D34D2E8BF8CEAD /* MonaSans_SemiExpanded-ExtraLightItalic.ttf in Resources */ = {isa = PBXBuildFile; fileRef = A51FAACFEBAD4FA0B0648EE9 /* MonaSans_SemiExpanded-ExtraLightItalic.ttf */; };
		9BF1DBF08DC448C7A0C04E8F /* MonaSans-SemiBold.ttf in Resources */ = {isa = PBXBuildFile; fileRef = D9BF75990A90458F83F00E3B /* MonaSans-SemiBold.ttf */; };
		9FDC71CC03334721AEED2C1C /* MonaSans_SemiCondensed-Bold.ttf in Resources */ = {isa = PBXBuildFile; fileRef = 5B689E76934C426F8DA18818 /* MonaSans_SemiCondensed-Bold.ttf */; };
		A4DEC386C5FC430984351531 /* MonaSans_Condensed-Bold.ttf in Resources */ = {isa = PBXBuildFile; fileRef = 73EC82E68F2F49A68EF1234D /* MonaSans_Condensed-Bold.ttf */; };
		A5EC25C411FD4601A10FF553 /* MonaSans_Expanded-BlackItalic.ttf in Resources */ = {isa = PBXBuildFile; fileRef = DDC14E95C9DF4E66A220328C /* MonaSans_Expanded-BlackItalic.ttf */; };
		A9CFE5AC11E64E27B481607D /* MonaSans_Condensed-LightItalic.ttf in Resources */ = {isa = PBXBuildFile; fileRef = 01CA5C469AA54B39B638D480 /* MonaSans_Condensed-LightItalic.ttf */; };
		A9DF93288C134B3D96D586BB /* MonaSans_SemiCondensed-ExtraBold.ttf in Resources */ = {isa = PBXBuildFile; fileRef = 81F424FF8C2F43E986977B6A /* MonaSans_SemiCondensed-ExtraBold.ttf */; };
		AB38C976F3824DEF95D56B86 /* MonaSans_Expanded-Black.ttf in Resources */ = {isa = PBXBuildFile; fileRef = 47DA1257451245EABEE1287A /* MonaSans_Expanded-Black.ttf */; };
		AFA828E69F654A84BD984E6C /* MonaSans_SemiCondensed-Black.ttf in Resources */ = {isa = PBXBuildFile; fileRef = 4C883C599DDD400F849EF066 /* MonaSans_SemiCondensed-Black.ttf */; };
		B00B0F898F8C4360AADC0E0A /* MonaSans-BlackItalic.ttf in Resources */ = {isa = PBXBuildFile; fileRef = 6F83D1F528B94C6690136B56 /* MonaSans-BlackItalic.ttf */; };
		B0AE77245BEC4727AD2D8D95 /* MonaSans_SemiExpanded-Bold.ttf in Resources */ = {isa = PBXBuildFile; fileRef = 02585F4FF0554E51BE38FD9A /* MonaSans_SemiExpanded-Bold.ttf */; };
		BBA3F21301A847E2A4973BBF /* MonaSans_SemiExpanded-SemiBoldItalic.ttf in Resources */ = {isa = PBXBuildFile; fileRef = D1BE4324B07D4DD1961B1126 /* MonaSans_SemiExpanded-SemiBoldItalic.ttf */; };
		BDB3CFF47713415C988DF306 /* MonaSans_Expanded-ExtraBoldItalic.ttf in Resources */ = {isa = PBXBuildFile; fileRef = C3C4B9AA37CD445EA1421F40 /* MonaSans_Expanded-ExtraBoldItalic.ttf */; };
		C4D06AD97F7074DD16217BB2 /* Pods_Pryvo_PryvoTests.framework in Frameworks */ = {isa = PBXBuildFile; fileRef = BE1EEF1BD8A0F2743E057F9A /* Pods_Pryvo_PryvoTests.framework */; };
		C4FC5F933A834914A0F847F7 /* MonaSans_Expanded-ExtraLightItalic.ttf in Resources */ = {isa = PBXBuildFile; fileRef = 85AF03BFC26C41658A41A21E /* MonaSans_Expanded-ExtraLightItalic.ttf */; };
		C60FEDD87DB941AD96358D59 /* MonaSans_Condensed-SemiBold.ttf in Resources */ = {isa = PBXBuildFile; fileRef = E3EE05F7D7644111A925AE96 /* MonaSans_Condensed-SemiBold.ttf */; };
		CA40AFF2E71C4814AF0AB5D7 /* MonaSans_SemiCondensed-BlackItalic.ttf in Resources */ = {isa = PBXBuildFile; fileRef = E6CE43311A054CE8A5D9F5FE /* MonaSans_SemiCondensed-BlackItalic.ttf */; };
		CED5D08C2AFF432E97428E2F /* MonaSans_SemiExpanded-BlackItalic.ttf in Resources */ = {isa = PBXBuildFile; fileRef = 69697F3E5C0A45378DC1A5F3 /* MonaSans_SemiExpanded-BlackItalic.ttf */; };
		CEDEDA70848743A2A9330FE3 /* MonaSans_SemiExpanded-Regular.ttf in Resources */ = {isa = PBXBuildFile; fileRef = 0E9D5FA3FB3241618EC0927C /* MonaSans_SemiExpanded-Regular.ttf */; };
		D100E09A16D14E94A67BD1C0 /* MonaSans_SemiExpanded-ExtraBold.ttf in Resources */ = {isa = PBXBuildFile; fileRef = 3F2C02DDE34C432983877A5B /* MonaSans_SemiExpanded-ExtraBold.ttf */; };
		D4F2FC2D9B744BEC893A3FAB /* MonaSans-SemiBoldItalic.ttf in Resources */ = {isa = PBXBuildFile; fileRef = FB3182E2C27D4B9AAE060911 /* MonaSans-SemiBoldItalic.ttf */; };
		D614370EF78A44E08A9FB3FA /* MonaSans_SemiExpanded-Italic.ttf in Resources */ = {isa = PBXBuildFile; fileRef = 07CD563A0A824FCC91FD6D90 /* MonaSans_SemiExpanded-Italic.ttf */; };
		D8A8BBE4E88A5730DD765908 /* PrivacyInfo.xcprivacy in Resources */ = {isa = PBXBuildFile; fileRef = 13B07FB81A68108700A75B9A /* PrivacyInfo.xcprivacy */; };
		D9B3477E80F6475E9C45696A /* MonaSans_Condensed-MediumItalic.ttf in Resources */ = {isa = PBXBuildFile; fileRef = 365BF4BDCAF4460DBD2D90C1 /* MonaSans_Condensed-MediumItalic.ttf */; };
		DAF1E914606045AD9ED13D51 /* MonaSans_SemiExpanded-MediumItalic.ttf in Resources */ = {isa = PBXBuildFile; fileRef = 234A09F9A42E4D9C8B148FC9 /* MonaSans_SemiExpanded-MediumItalic.ttf */; };
		DD13131DDA37407FAF050344 /* MonaSans_SemiCondensed-MediumItalic.ttf in Resources */ = {isa = PBXBuildFile; fileRef = 5053074241364ED6A40FE222 /* MonaSans_SemiCondensed-MediumItalic.ttf */; };
		E414197141F240F9B5391477 /* MonaSans_Condensed-ExtraBoldItalic.ttf in Resources */ = {isa = PBXBuildFile; fileRef = 6CACBD30D6D64425AD7F9A5D /* MonaSans_Condensed-ExtraBoldItalic.ttf */; };
		E56D19B0E91445C6B2A5B563 /* MonaSans-ExtraBoldItalic.ttf in Resources */ = {isa = PBXBuildFile; fileRef = B5E54BEDF6F04BE6BA168873 /* MonaSans-ExtraBoldItalic.ttf */; };
		EBA246DE197B4D6C88A65EEC /* MonaSans_Expanded-LightItalic.ttf in Resources */ = {isa = PBXBuildFile; fileRef = 387A10E76F224B9C8F071015 /* MonaSans_Expanded-LightItalic.ttf */; };
		EFB187B95BDF436C97EBCDEB /* MonaSans-ExtraLight.ttf in Resources */ = {isa = PBXBuildFile; fileRef = 5DE711F00CB94CA2BCD1CD4E /* MonaSans-ExtraLight.ttf */; };
		F4D201045BA64D75A3CD5810 /* MonaSans_SemiCondensed-Regular.ttf in Resources */ = {isa = PBXBuildFile; fileRef = 6CAA458749D54982BF249EDB /* MonaSans_SemiCondensed-Regular.ttf */; };
		F5C128ABD12F48218252A13E /* MonaSans_Condensed-Italic.ttf in Resources */ = {isa = PBXBuildFile; fileRef = ED1B9186063D4290B1C45ADE /* MonaSans_Condensed-Italic.ttf */; };
		F948D845DD6F4789BD9C7D62 /* MonaSans_SemiExpanded-BoldItalic.ttf in Resources */ = {isa = PBXBuildFile; fileRef = 338A9E6E1F66436F93E65FEF /* MonaSans_SemiExpanded-BoldItalic.ttf */; };
		F97AB564D79541DDA7762918 /* MonaSans_SemiCondensed-Italic.ttf in Resources */ = {isa = PBXBuildFile; fileRef = 93A8C6411347436983593B10 /* MonaSans_SemiCondensed-Italic.ttf */; };
		FB64894F556A41938EC31B07 /* MonaSans_SemiCondensed-BoldItalic.ttf in Resources */ = {isa = PBXBuildFile; fileRef = A3FD4B7EAFE44EFD9E6E08A6 /* MonaSans_SemiCondensed-BoldItalic.ttf */; };
/* End PBXBuildFile section */

/* Begin PBXContainerItemProxy section */
		00E356F41AD99517003FC87E /* PBXContainerItemProxy */ = {
			isa = PBXContainerItemProxy;
			containerPortal = 83CBB9F71A601CBA00E9B192 /* Project object */;
			proxyType = 1;
			remoteGlobalIDString = 13B07F861A680F5B00A75B9A;
			remoteInfo = Pryvo;
		};
/* End PBXContainerItemProxy section */

/* Begin PBXFileReference section */
		00BB96972EC72CEE00EF1461 /* Pryvo.entitlements */ = {isa = PBXFileReference; lastKnownFileType = text.plist.entitlements; name = Pryvo.entitlements; path = Pryvo/Pryvo.entitlements; sourceTree = "<group>"; };
		00E356EE1AD99517003FC87E /* PryvoTests.xctest */ = {isa = PBXFileReference; explicitFileType = wrapper.cfbundle; includeInIndex = 0; path = PryvoTests.xctest; sourceTree = BUILT_PRODUCTS_DIR; };
		00E356F11AD99517003FC87E /* Info.plist */ = {isa = PBXFileReference; lastKnownFileType = text.plist.xml; path = Info.plist; sourceTree = "<group>"; };
		00E356F21AD99517003FC87E /* PryvoTests.m */ = {isa = PBXFileReference; lastKnownFileType = sourcecode.c.objc; path = PryvoTests.m; sourceTree = "<group>"; };
		015FB328AA124B28994C2E5C /* MonaSans_Condensed-Medium.ttf */ = {isa = PBXFileReference; explicitFileType = undefined; fileEncoding = 9; includeInIndex = 0; lastKnownFileType = unknown; name = "MonaSans_Condensed-Medium.ttf"; path = "../src/assets/fonts/MonaSans_Condensed-Medium.ttf"; sourceTree = "<group>"; };
		01CA5C469AA54B39B638D480 /* MonaSans_Condensed-LightItalic.ttf */ = {isa = PBXFileReference; explicitFileType = undefined; fileEncoding = 9; includeInIndex = 0; lastKnownFileType = unknown; name = "MonaSans_Condensed-LightItalic.ttf"; path = "../src/assets/fonts/MonaSans_Condensed-LightItalic.ttf"; sourceTree = "<group>"; };
		02585F4FF0554E51BE38FD9A /* MonaSans_SemiExpanded-Bold.ttf */ = {isa = PBXFileReference; explicitFileType = undefined; fileEncoding = 9; includeInIndex = 0; lastKnownFileType = unknown; name = "MonaSans_SemiExpanded-Bold.ttf"; path = "../src/assets/fonts/MonaSans_SemiExpanded-Bold.ttf"; sourceTree = "<group>"; };
		0330B15107C24E06AB99904B /* MonaSans_Expanded-ExtraBold.ttf */ = {isa = PBXFileReference; explicitFileType = undefined; fileEncoding = 9; includeInIndex = 0; lastKnownFileType = unknown; name = "MonaSans_Expanded-ExtraBold.ttf"; path = "../src/assets/fonts/MonaSans_Expanded-ExtraBold.ttf"; sourceTree = "<group>"; };
		040428479DE44A3C98F083FF /* MonaSans_Expanded-Light.ttf */ = {isa = PBXFileReference; explicitFileType = undefined; fileEncoding = 9; includeInIndex = 0; lastKnownFileType = unknown; name = "MonaSans_Expanded-Light.ttf"; path = "../src/assets/fonts/MonaSans_Expanded-Light.ttf"; sourceTree = "<group>"; };
		07CD563A0A824FCC91FD6D90 /* MonaSans_SemiExpanded-Italic.ttf */ = {isa = PBXFileReference; explicitFileType = undefined; fileEncoding = 9; includeInIndex = 0; lastKnownFileType = unknown; name = "MonaSans_SemiExpanded-Italic.ttf"; path = "../src/assets/fonts/MonaSans_SemiExpanded-Italic.ttf"; sourceTree = "<group>"; };
		0E9D5FA3FB3241618EC0927C /* MonaSans_SemiExpanded-Regular.ttf */ = {isa = PBXFileReference; explicitFileType = undefined; fileEncoding = 9; includeInIndex = 0; lastKnownFileType = unknown; name = "MonaSans_SemiExpanded-Regular.ttf"; path = "../src/assets/fonts/MonaSans_SemiExpanded-Regular.ttf"; sourceTree = "<group>"; };
		0EAB8B6D7AEC4B5A9EBFAF79 /* MonaSans_SemiExpanded-Black.ttf */ = {isa = PBXFileReference; explicitFileType = undefined; fileEncoding = 9; includeInIndex = 0; lastKnownFileType = unknown; name = "MonaSans_SemiExpanded-Black.ttf"; path = "../src/assets/fonts/MonaSans_SemiExpanded-Black.ttf"; sourceTree = "<group>"; };
		0F7057D1577A504DA628C315 /* Pods-Pryvo.debug.xcconfig */ = {isa = PBXFileReference; includeInIndex = 1; lastKnownFileType = text.xcconfig; name = "Pods-Pryvo.debug.xcconfig"; path = "Target Support Files/Pods-Pryvo/Pods-Pryvo.debug.xcconfig"; sourceTree = "<group>"; };
		105B0CF742894CC18009EF26 /* MonaSans-Bold.ttf */ = {isa = PBXFileReference; explicitFileType = undefined; fileEncoding = 9; includeInIndex = 0; lastKnownFileType = unknown; name = "MonaSans-Bold.ttf"; path = "../src/assets/fonts/MonaSans-Bold.ttf"; sourceTree = "<group>"; };
		12DBF186A3154B32BDF6655B /* MonaSans_Expanded-Bold.ttf */ = {isa = PBXFileReference; explicitFileType = undefined; fileEncoding = 9; includeInIndex = 0; lastKnownFileType = unknown; name = "MonaSans_Expanded-Bold.ttf"; path = "../src/assets/fonts/MonaSans_Expanded-Bold.ttf"; sourceTree = "<group>"; };
		13B07F961A680F5B00A75B9A /* Pryvo.app */ = {isa = PBXFileReference; explicitFileType = wrapper.application; includeInIndex = 0; path = Pryvo.app; sourceTree = BUILT_PRODUCTS_DIR; };
		13B07FAF1A68108700A75B9A /* AppDelegate.h */ = {isa = PBXFileReference; fileEncoding = 4; lastKnownFileType = sourcecode.c.h; name = AppDelegate.h; path = Pryvo/AppDelegate.h; sourceTree = "<group>"; };
		13B07FB01A68108700A75B9A /* AppDelegate.mm */ = {isa = PBXFileReference; fileEncoding = 4; lastKnownFileType = sourcecode.cpp.objcpp; name = AppDelegate.mm; path = Pryvo/AppDelegate.mm; sourceTree = "<group>"; };
		13B07FB51A68108700A75B9A /* Images.xcassets */ = {isa = PBXFileReference; lastKnownFileType = folder.assetcatalog; name = Images.xcassets; path = Pryvo/Images.xcassets; sourceTree = "<group>"; };
		13B07FB61A68108700A75B9A /* Info.plist */ = {isa = PBXFileReference; fileEncoding = 4; lastKnownFileType = text.plist.xml; name = Info.plist; path = Pryvo/Info.plist; sourceTree = "<group>"; };
		13B07FB71A68108700A75B9A /* main.m */ = {isa = PBXFileReference; fileEncoding = 4; lastKnownFileType = sourcecode.c.objc; name = main.m; path = Pryvo/main.m; sourceTree = "<group>"; };
		13B07FB81A68108700A75B9A /* PrivacyInfo.xcprivacy */ = {isa = PBXFileReference; fileEncoding = 4; lastKnownFileType = text.plist.xml; name = PrivacyInfo.xcprivacy; path = Pryvo/PrivacyInfo.xcprivacy; sourceTree = "<group>"; };
		13EF1849A41546E58EB9C717 /* MonaSans_Expanded-Italic.ttf */ = {isa = PBXFileReference; explicitFileType = undefined; fileEncoding = 9; includeInIndex = 0; lastKnownFileType = unknown; name = "MonaSans_Expanded-Italic.ttf"; path = "../src/assets/fonts/MonaSans_Expanded-Italic.ttf"; sourceTree = "<group>"; };
		1C67D98C42D848AB8FD1107B /* MonaSans_Expanded-Medium.ttf */ = {isa = PBXFileReference; explicitFileType = undefined; fileEncoding = 9; includeInIndex = 0; lastKnownFileType = unknown; name = "MonaSans_Expanded-Medium.ttf"; path = "../src/assets/fonts/MonaSans_Expanded-Medium.ttf"; sourceTree = "<group>"; };
		1CE318B00FB349518ABFD8F8 /* MonaSans_SemiExpanded-LightItalic.ttf */ = {isa = PBXFileReference; explicitFileType = undefined; fileEncoding = 9; includeInIndex = 0; lastKnownFileType = unknown; name = "MonaSans_SemiExpanded-LightItalic.ttf"; path = "../src/assets/fonts/MonaSans_SemiExpanded-LightItalic.ttf"; sourceTree = "<group>"; };
		1F9AA091518442C8B2E88DC6 /* MonaSans_SemiCondensed-ExtraLight.ttf */ = {isa = PBXFileReference; explicitFileType = undefined; fileEncoding = 9; includeInIndex = 0; lastKnownFileType = unknown; name = "MonaSans_SemiCondensed-ExtraLight.ttf"; path = "../src/assets/fonts/MonaSans_SemiCondensed-ExtraLight.ttf"; sourceTree = "<group>"; };
		1FC3D5DB97B94956BDFA4D9A /* MonaSans-Regular.ttf */ = {isa = PBXFileReference; explicitFileType = undefined; fileEncoding = 9; includeInIndex = 0; lastKnownFileType = unknown; name = "MonaSans-Regular.ttf"; path = "../src/assets/fonts/MonaSans-Regular.ttf"; sourceTree = "<group>"; };
		2028C0488F5D4BC581F98AFB /* MonaSans_Expanded-ExtraLight.ttf */ = {isa = PBXFileReference; explicitFileType = undefined; fileEncoding = 9; includeInIndex = 0; lastKnownFileType = unknown; name = "MonaSans_Expanded-ExtraLight.ttf"; path = "../src/assets/fonts/MonaSans_Expanded-ExtraLight.ttf"; sourceTree = "<group>"; };
		234A09F9A42E4D9C8B148FC9 /* MonaSans_SemiExpanded-MediumItalic.ttf */ = {isa = PBXFileReference; explicitFileType = undefined; fileEncoding = 9; includeInIndex = 0; lastKnownFileType = unknown; name = "MonaSans_SemiExpanded-MediumItalic.ttf"; path = "../src/assets/fonts/MonaSans_SemiExpanded-MediumItalic.ttf"; sourceTree = "<group>"; };
		2FA344AA3CBE4A9089E7F80D /* MonaSans_Expanded-SemiBoldItalic.ttf */ = {isa = PBXFileReference; explicitFileType = undefined; fileEncoding = 9; includeInIndex = 0; lastKnownFileType = unknown; name = "MonaSans_Expanded-SemiBoldItalic.ttf"; path = "../src/assets/fonts/MonaSans_Expanded-SemiBoldItalic.ttf"; sourceTree = "<group>"; };
		338A9E6E1F66436F93E65FEF /* MonaSans_SemiExpanded-BoldItalic.ttf */ = {isa = PBXFileReference; explicitFileType = undefined; fileEncoding = 9; includeInIndex = 0; lastKnownFileType = unknown; name = "MonaSans_SemiExpanded-BoldItalic.ttf"; path = "../src/assets/fonts/MonaSans_SemiExpanded-BoldItalic.ttf"; sourceTree = "<group>"; };
		365BF4BDCAF4460DBD2D90C1 /* MonaSans_Condensed-MediumItalic.ttf */ = {isa = PBXFileReference; explicitFileType = undefined; fileEncoding = 9; includeInIndex = 0; lastKnownFileType = unknown; name = "MonaSans_Condensed-MediumItalic.ttf"; path = "../src/assets/fonts/MonaSans_Condensed-MediumItalic.ttf"; sourceTree = "<group>"; };
		387A10E76F224B9C8F071015 /* MonaSans_Expanded-LightItalic.ttf */ = {isa = PBXFileReference; explicitFileType = undefined; fileEncoding = 9; includeInIndex = 0; lastKnownFileType = unknown; name = "MonaSans_Expanded-LightItalic.ttf"; path = "../src/assets/fonts/MonaSans_Expanded-LightItalic.ttf"; sourceTree = "<group>"; };
		3D3ABF85D2504471A0A4AE6D /* MonaSans_Expanded-MediumItalic.ttf */ = {isa = PBXFileReference; explicitFileType = undefined; fileEncoding = 9; includeInIndex = 0; lastKnownFileType = unknown; name = "MonaSans_Expanded-MediumItalic.ttf"; path = "../src/assets/fonts/MonaSans_Expanded-MediumItalic.ttf"; sourceTree = "<group>"; };
		3F2C02DDE34C432983877A5B /* MonaSans_SemiExpanded-ExtraBold.ttf */ = {isa = PBXFileReference; explicitFileType = undefined; fileEncoding = 9; includeInIndex = 0; lastKnownFileType = unknown; name = "MonaSans_SemiExpanded-ExtraBold.ttf"; path = "../src/assets/fonts/MonaSans_SemiExpanded-ExtraBold.ttf"; sourceTree = "<group>"; };
		400A8660D846436D8CB32879 /* MonaSans_Condensed-ExtraBold.ttf */ = {isa = PBXFileReference; explicitFileType = undefined; fileEncoding = 9; includeInIndex = 0; lastKnownFileType = unknown; name = "MonaSans_Condensed-ExtraBold.ttf"; path = "../src/assets/fonts/MonaSans_Condensed-ExtraBold.ttf"; sourceTree = "<group>"; };
		441C68885B68465CBD17D516 /* MonaSans-ExtraLightItalic.ttf */ = {isa = PBXFileReference; explicitFileType = undefined; fileEncoding = 9; includeInIndex = 0; lastKnownFileType = unknown; name = "MonaSans-ExtraLightItalic.ttf"; path = "../src/assets/fonts/MonaSans-ExtraLightItalic.ttf"; sourceTree = "<group>"; };
		47DA1257451245EABEE1287A /* MonaSans_Expanded-Black.ttf */ = {isa = PBXFileReference; explicitFileType = undefined; fileEncoding = 9; includeInIndex = 0; lastKnownFileType = unknown; name = "MonaSans_Expanded-Black.ttf"; path = "../src/assets/fonts/MonaSans_Expanded-Black.ttf"; sourceTree = "<group>"; };
		493D8C3A406747CB8D69CFED /* MonaSans-ExtraBold.ttf */ = {isa = PBXFileReference; explicitFileType = undefined; fileEncoding = 9; includeInIndex = 0; lastKnownFileType = unknown; name = "MonaSans-ExtraBold.ttf"; path = "../src/assets/fonts/MonaSans-ExtraBold.ttf"; sourceTree = "<group>"; };
		4BC47F8C522B4EA783A9B5EB /* MonaSans_Condensed-ExtraLightItalic.ttf */ = {isa = PBXFileReference; explicitFileType = undefined; fileEncoding = 9; includeInIndex = 0; lastKnownFileType = unknown; name = "MonaSans_Condensed-ExtraLightItalic.ttf"; path = "../src/assets/fonts/MonaSans_Condensed-ExtraLightItalic.ttf"; sourceTree = "<group>"; };
		4C883C599DDD400F849EF066 /* MonaSans_SemiCondensed-Black.ttf */ = {isa = PBXFileReference; explicitFileType = undefined; fileEncoding = 9; includeInIndex = 0; lastKnownFileType = unknown; name = "MonaSans_SemiCondensed-Black.ttf"; path = "../src/assets/fonts/MonaSans_SemiCondensed-Black.ttf"; sourceTree = "<group>"; };
		5053074241364ED6A40FE222 /* MonaSans_SemiCondensed-MediumItalic.ttf */ = {isa = PBXFileReference; explicitFileType = undefined; fileEncoding = 9; includeInIndex = 0; lastKnownFileType = unknown; name = "MonaSans_SemiCondensed-MediumItalic.ttf"; path = "../src/assets/fonts/MonaSans_SemiCondensed-MediumItalic.ttf"; sourceTree = "<group>"; };
		50F6493A5FDC49129BE1638C /* MonaSans-LightItalic.ttf */ = {isa = PBXFileReference; explicitFileType = undefined; fileEncoding = 9; includeInIndex = 0; lastKnownFileType = unknown; name = "MonaSans-LightItalic.ttf"; path = "../src/assets/fonts/MonaSans-LightItalic.ttf"; sourceTree = "<group>"; };
		52F2A41E57165376CA7CAD26 /* Pods_Pryvo.framework */ = {isa = PBXFileReference; explicitFileType = wrapper.framework; includeInIndex = 0; path = Pods_Pryvo.framework; sourceTree = BUILT_PRODUCTS_DIR; };
		554FDA10B3F14F198D392E60 /* MonaSans_SemiExpanded-Medium.ttf */ = {isa = PBXFileReference; explicitFileType = undefined; fileEncoding = 9; includeInIndex = 0; lastKnownFileType = unknown; name = "MonaSans_SemiExpanded-Medium.ttf"; path = "../src/assets/fonts/MonaSans_SemiExpanded-Medium.ttf"; sourceTree = "<group>"; };
		5B689E76934C426F8DA18818 /* MonaSans_SemiCondensed-Bold.ttf */ = {isa = PBXFileReference; explicitFileType = undefined; fileEncoding = 9; includeInIndex = 0; lastKnownFileType = unknown; name = "MonaSans_SemiCondensed-Bold.ttf"; path = "../src/assets/fonts/MonaSans_SemiCondensed-Bold.ttf"; sourceTree = "<group>"; };
		5DE711F00CB94CA2BCD1CD4E /* MonaSans-ExtraLight.ttf */ = {isa = PBXFileReference; explicitFileType = undefined; fileEncoding = 9; includeInIndex = 0; lastKnownFileType = unknown; name = "MonaSans-ExtraLight.ttf"; path = "../src/assets/fonts/MonaSans-ExtraLight.ttf"; sourceTree = "<group>"; };
		62B10A2C83194FC5BDA97DB8 /* MonaSans_SemiExpanded-ExtraLight.ttf */ = {isa = PBXFileReference; explicitFileType = undefined; fileEncoding = 9; includeInIndex = 0; lastKnownFileType = unknown; name = "MonaSans_SemiExpanded-ExtraLight.ttf"; path = "../src/assets/fonts/MonaSans_SemiExpanded-ExtraLight.ttf"; sourceTree = "<group>"; };
		69697F3E5C0A45378DC1A5F3 /* MonaSans_SemiExpanded-BlackItalic.ttf */ = {isa = PBXFileReference; explicitFileType = undefined; fileEncoding = 9; includeInIndex = 0; lastKnownFileType = unknown; name = "MonaSans_SemiExpanded-BlackItalic.ttf"; path = "../src/assets/fonts/MonaSans_SemiExpanded-BlackItalic.ttf"; sourceTree = "<group>"; };
		6CAA458749D54982BF249EDB /* MonaSans_SemiCondensed-Regular.ttf */ = {isa = PBXFileReference; explicitFileType = undefined; fileEncoding = 9; includeInIndex = 0; lastKnownFileType = unknown; name = "MonaSans_SemiCondensed-Regular.ttf"; path = "../src/assets/fonts/MonaSans_SemiCondensed-Regular.ttf"; sourceTree = "<group>"; };
		6CACBD30D6D64425AD7F9A5D /* MonaSans_Condensed-ExtraBoldItalic.ttf */ = {isa = PBXFileReference; explicitFileType = undefined; fileEncoding = 9; includeInIndex = 0; lastKnownFileType = unknown; name = "MonaSans_Condensed-ExtraBoldItalic.ttf"; path = "../src/assets/fonts/MonaSans_Condensed-ExtraBoldItalic.ttf"; sourceTree = "<group>"; };
		6F83D1F528B94C6690136B56 /* MonaSans-BlackItalic.ttf */ = {isa = PBXFileReference; explicitFileType = undefined; fileEncoding = 9; includeInIndex = 0; lastKnownFileType = unknown; name = "MonaSans-BlackItalic.ttf"; path = "../src/assets/fonts/MonaSans-BlackItalic.ttf"; sourceTree = "<group>"; };
		738A6372531E621E10BB549F /* GoogleService-Info.plist */ = {isa = PBXFileReference; lastKnownFileType = text.plist.xml; name = "GoogleService-Info.plist"; path = "Pryvo/GoogleService-Info.plist"; sourceTree = "<group>"; };
		73A5B83B58564D98B8F5BF23 /* MonaSans_Expanded-BoldItalic.ttf */ = {isa = PBXFileReference; explicitFileType = undefined; fileEncoding = 9; includeInIndex = 0; lastKnownFileType = unknown; name = "MonaSans_Expanded-BoldItalic.ttf"; path = "../src/assets/fonts/MonaSans_Expanded-BoldItalic.ttf"; sourceTree = "<group>"; };
		73EC82E68F2F49A68EF1234D /* MonaSans_Condensed-Bold.ttf */ = {isa = PBXFileReference; explicitFileType = undefined; fileEncoding = 9; includeInIndex = 0; lastKnownFileType = unknown; name = "MonaSans_Condensed-Bold.ttf"; path = "../src/assets/fonts/MonaSans_Condensed-Bold.ttf"; sourceTree = "<group>"; };
		7468FB599D933DFED71DFF53 /* Pods-Pryvo-PryvoTests.debug.xcconfig */ = {isa = PBXFileReference; includeInIndex = 1; lastKnownFileType = text.xcconfig; name = "Pods-Pryvo-PryvoTests.debug.xcconfig"; path = "Target Support Files/Pods-Pryvo-PryvoTests/Pods-Pryvo-PryvoTests.debug.xcconfig"; sourceTree = "<group>"; };
		77ADE885937C44DF96B930D6 /* MonaSans_Condensed-SemiBoldItalic.ttf */ = {isa = PBXFileReference; explicitFileType = undefined; fileEncoding = 9; includeInIndex = 0; lastKnownFileType = unknown; name = "MonaSans_Condensed-SemiBoldItalic.ttf"; path = "../src/assets/fonts/MonaSans_Condensed-SemiBoldItalic.ttf"; sourceTree = "<group>"; };
		7A2610189B1A4EE1BC7284E6 /* MonaSans_Expanded-SemiBold.ttf */ = {isa = PBXFileReference; explicitFileType = undefined; fileEncoding = 9; includeInIndex = 0; lastKnownFileType = unknown; name = "MonaSans_Expanded-SemiBold.ttf"; path = "../src/assets/fonts/MonaSans_Expanded-SemiBold.ttf"; sourceTree = "<group>"; };
		7D0DC9D413B64EF59E5208DB /* MonaSans_SemiExpanded-ExtraBoldItalic.ttf */ = {isa = PBXFileReference; explicitFileType = undefined; fileEncoding = 9; includeInIndex = 0; lastKnownFileType = unknown; name = "MonaSans_SemiExpanded-ExtraBoldItalic.ttf"; path = "../src/assets/fonts/MonaSans_SemiExpanded-ExtraBoldItalic.ttf"; sourceTree = "<group>"; };
		81AB9BB72411601600AC10FF /* LaunchScreen.storyboard */ = {isa = PBXFileReference; fileEncoding = 4; lastKnownFileType = file.storyboard; name = LaunchScreen.storyboard; path = Pryvo/LaunchScreen.storyboard; sourceTree = "<group>"; };
		81F424FF8C2F43E986977B6A /* MonaSans_SemiCondensed-ExtraBold.ttf */ = {isa = PBXFileReference; explicitFileType = undefined; fileEncoding = 9; includeInIndex = 0; lastKnownFileType = unknown; name = "MonaSans_SemiCondensed-ExtraBold.ttf"; path = "../src/assets/fonts/MonaSans_SemiCondensed-ExtraBold.ttf"; sourceTree = "<group>"; };
		85AF03BFC26C41658A41A21E /* MonaSans_Expanded-ExtraLightItalic.ttf */ = {isa = PBXFileReference; explicitFileType = undefined; fileEncoding = 9; includeInIndex = 0; lastKnownFileType = unknown; name = "MonaSans_Expanded-ExtraLightItalic.ttf"; path = "../src/assets/fonts/MonaSans_Expanded-ExtraLightItalic.ttf"; sourceTree = "<group>"; };
		8DB0EA21ADD44BF9A09922B3 /* MonaSans_SemiCondensed-ExtraBoldItalic.ttf */ = {isa = PBXFileReference; explicitFileType = undefined; fileEncoding = 9; includeInIndex = 0; lastKnownFileType = unknown; name = "MonaSans_SemiCondensed-ExtraBoldItalic.ttf"; path = "../src/assets/fonts/MonaSans_SemiCondensed-ExtraBoldItalic.ttf"; sourceTree = "<group>"; };
		93A8C6411347436983593B10 /* MonaSans_SemiCondensed-Italic.ttf */ = {isa = PBXFileReference; explicitFileType = undefined; fileEncoding = 9; includeInIndex = 0; lastKnownFileType = unknown; name = "MonaSans_SemiCondensed-Italic.ttf"; path = "../src/assets/fonts/MonaSans_SemiCondensed-Italic.ttf"; sourceTree = "<group>"; };
		945427F377EC4490B16FE4E2 /* MonaSans-Light.ttf */ = {isa = PBXFileReference; explicitFileType = undefined; fileEncoding = 9; includeInIndex = 0; lastKnownFileType = unknown; name = "MonaSans-Light.ttf"; path = "../src/assets/fonts/MonaSans-Light.ttf"; sourceTree = "<group>"; };
		9C69C5D3F026430D8DF93B14 /* MonaSans_Expanded-Regular.ttf */ = {isa = PBXFileReference; explicitFileType = undefined; fileEncoding = 9; includeInIndex = 0; lastKnownFileType = unknown; name = "MonaSans_Expanded-Regular.ttf"; path = "../src/assets/fonts/MonaSans_Expanded-Regular.ttf"; sourceTree = "<group>"; };
		9D566F3DE3624F9EA068FB18 /* MonaSans_Condensed-BoldItalic.ttf */ = {isa = PBXFileReference; explicitFileType = undefined; fileEncoding = 9; includeInIndex = 0; lastKnownFileType = unknown; name = "MonaSans_Condensed-BoldItalic.ttf"; path = "../src/assets/fonts/MonaSans_Condensed-BoldItalic.ttf"; sourceTree = "<group>"; };
		9E653FE2E82D4429A23DD9BF /* MonaSans_SemiCondensed-Medium.ttf */ = {isa = PBXFileReference; explicitFileType = undefined; fileEncoding = 9; includeInIndex = 0; lastKnownFileType = unknown; name = "MonaSans_SemiCondensed-Medium.ttf"; path = "../src/assets/fonts/MonaSans_SemiCondensed-Medium.ttf"; sourceTree = "<group>"; };
		9ECFD4F91E7647FFB2700F1C /* MonaSans_Condensed-BlackItalic.ttf */ = {isa = PBXFileReference; explicitFileType = undefined; fileEncoding = 9; includeInIndex = 0; lastKnownFileType = unknown; name = "MonaSans_Condensed-BlackItalic.ttf"; path = "../src/assets/fonts/MonaSans_Condensed-BlackItalic.ttf"; sourceTree = "<group>"; };
		A23345C8704233B540ADC6A7 /* Pods-Pryvo-PryvoTests.release.xcconfig */ = {isa = PBXFileReference; includeInIndex = 1; lastKnownFileType = text.xcconfig; name = "Pods-Pryvo-PryvoTests.release.xcconfig"; path = "Target Support Files/Pods-Pryvo-PryvoTests/Pods-Pryvo-PryvoTests.release.xcconfig"; sourceTree = "<group>"; };
		A3FD4B7EAFE44EFD9E6E08A6 /* MonaSans_SemiCondensed-BoldItalic.ttf */ = {isa = PBXFileReference; explicitFileType = undefined; fileEncoding = 9; includeInIndex = 0; lastKnownFileType = unknown; name = "MonaSans_SemiCondensed-BoldItalic.ttf"; path = "../src/assets/fonts/MonaSans_SemiCondensed-BoldItalic.ttf"; sourceTree = "<group>"; };
		A46D4285B62F42A6845FAD1E /* MonaSans_SemiCondensed-SemiBold.ttf */ = {isa = PBXFileReference; explicitFileType = undefined; fileEncoding = 9; includeInIndex = 0; lastKnownFileType = unknown; name = "MonaSans_SemiCondensed-SemiBold.ttf"; path = "../src/assets/fonts/MonaSans_SemiCondensed-SemiBold.ttf"; sourceTree = "<group>"; };
		A51FAACFEBAD4FA0B0648EE9 /* MonaSans_SemiExpanded-ExtraLightItalic.ttf */ = {isa = PBXFileReference; explicitFileType = undefined; fileEncoding = 9; includeInIndex = 0; lastKnownFileType = unknown; name = "MonaSans_SemiExpanded-ExtraLightItalic.ttf"; path = "../src/assets/fonts/MonaSans_SemiExpanded-ExtraLightItalic.ttf"; sourceTree = "<group>"; };
		A62E90B5EFF44902A782B5D4 /* MonaSans_Condensed-Regular.ttf */ = {isa = PBXFileReference; explicitFileType = undefined; fileEncoding = 9; includeInIndex = 0; lastKnownFileType = unknown; name = "MonaSans_Condensed-Regular.ttf"; path = "../src/assets/fonts/MonaSans_Condensed-Regular.ttf"; sourceTree = "<group>"; };
		AB521CF711D245E3A9B806AD /* MonaSans_SemiCondensed-ExtraLightItalic.ttf */ = {isa = PBXFileReference; explicitFileType = undefined; fileEncoding = 9; includeInIndex = 0; lastKnownFileType = unknown; name = "MonaSans_SemiCondensed-ExtraLightItalic.ttf"; path = "../src/assets/fonts/MonaSans_SemiCondensed-ExtraLightItalic.ttf"; sourceTree = "<group>"; };
		B5E54BEDF6F04BE6BA168873 /* MonaSans-ExtraBoldItalic.ttf */ = {isa = PBXFileReference; explicitFileType = undefined; fileEncoding = 9; includeInIndex = 0; lastKnownFileType = unknown; name = "MonaSans-ExtraBoldItalic.ttf"; path = "../src/assets/fonts/MonaSans-ExtraBoldItalic.ttf"; sourceTree = "<group>"; };
		BA45204D74AB41FFA75FA7A1 /* MonaSans_SemiCondensed-Light.ttf */ = {isa = PBXFileReference; explicitFileType = undefined; fileEncoding = 9; includeInIndex = 0; lastKnownFileType = unknown; name = "MonaSans_SemiCondensed-Light.ttf"; path = "../src/assets/fonts/MonaSans_SemiCondensed-Light.ttf"; sourceTree = "<group>"; };
		BD29D809E39B4610962C3DF9 /* MonaSans-BoldItalic.ttf */ = {isa = PBXFileReference; explicitFileType = undefined; fileEncoding = 9; includeInIndex = 0; lastKnownFileType = unknown; name = "MonaSans-BoldItalic.ttf"; path = "../src/assets/fonts/MonaSans-BoldItalic.ttf"; sourceTree = "<group>"; };
		BE1EEF1BD8A0F2743E057F9A /* Pods_Pryvo_PryvoTests.framework */ = {isa = PBXFileReference; explicitFileType = wrapper.framework; includeInIndex = 0; path = Pods_Pryvo_PryvoTests.framework; sourceTree = BUILT_PRODUCTS_DIR; };
		BE4E4333EA9AB5697526E3FC /* Pods-Pryvo.release.xcconfig */ = {isa = PBXFileReference; includeInIndex = 1; lastKnownFileType = text.xcconfig; name = "Pods-Pryvo.release.xcconfig"; path = "Target Support Files/Pods-Pryvo/Pods-Pryvo.release.xcconfig"; sourceTree = "<group>"; };
		C3C4B9AA37CD445EA1421F40 /* MonaSans_Expanded-ExtraBoldItalic.ttf */ = {isa = PBXFileReference; explicitFileType = undefined; fileEncoding = 9; includeInIndex = 0; lastKnownFileType = unknown; name = "MonaSans_Expanded-ExtraBoldItalic.ttf"; path = "../src/assets/fonts/MonaSans_Expanded-ExtraBoldItalic.ttf"; sourceTree = "<group>"; };
		CA7C5C097C0F44B4AE7A7BBD /* MonaSans_Condensed-Light.ttf */ = {isa = PBXFileReference; explicitFileType = undefined; fileEncoding = 9; includeInIndex = 0; lastKnownFileType = unknown; name = "MonaSans_Condensed-Light.ttf"; path = "../src/assets/fonts/MonaSans_Condensed-Light.ttf"; sourceTree = "<group>"; };
		CFE0DCBD52F14C23ADE75894 /* MonaSans-Medium.ttf */ = {isa = PBXFileReference; explicitFileType = undefined; fileEncoding = 9; includeInIndex = 0; lastKnownFileType = unknown; name = "MonaSans-Medium.ttf"; path = "../src/assets/fonts/MonaSans-Medium.ttf"; sourceTree = "<group>"; };
		D1BE4324B07D4DD1961B1126 /* MonaSans_SemiExpanded-SemiBoldItalic.ttf */ = {isa = PBXFileReference; explicitFileType = undefined; fileEncoding = 9; includeInIndex = 0; lastKnownFileType = unknown; name = "MonaSans_SemiExpanded-SemiBoldItalic.ttf"; path = "../src/assets/fonts/MonaSans_SemiExpanded-SemiBoldItalic.ttf"; sourceTree = "<group>"; };
		D3601E3C0E3545A195FB6901 /* MonaSans_Condensed-Black.ttf */ = {isa = PBXFileReference; explicitFileType = undefined; fileEncoding = 9; includeInIndex = 0; lastKnownFileType = unknown; name = "MonaSans_Condensed-Black.ttf"; path = "../src/assets/fonts/MonaSans_Condensed-Black.ttf"; sourceTree = "<group>"; };
		D48F0877D43344099C9FF7DD /* MonaSans_SemiCondensed-LightItalic.ttf */ = {isa = PBXFileReference; explicitFileType = undefined; fileEncoding = 9; includeInIndex = 0; lastKnownFileType = unknown; name = "MonaSans_SemiCondensed-LightItalic.ttf"; path = "../src/assets/fonts/MonaSans_SemiCondensed-LightItalic.ttf"; sourceTree = "<group>"; };
		D8E259F6133246949AFD6C9B /* MonaSans-MediumItalic.ttf */ = {isa = PBXFileReference; explicitFileType = undefined; fileEncoding = 9; includeInIndex = 0; lastKnownFileType = unknown; name = "MonaSans-MediumItalic.ttf"; path = "../src/assets/fonts/MonaSans-MediumItalic.ttf"; sourceTree = "<group>"; };
		D9BF75990A90458F83F00E3B /* MonaSans-SemiBold.ttf */ = {isa = PBXFileReference; explicitFileType = undefined; fileEncoding = 9; includeInIndex = 0; lastKnownFileType = unknown; name = "MonaSans-SemiBold.ttf"; path = "../src/assets/fonts/MonaSans-SemiBold.ttf"; sourceTree = "<group>"; };
		DBC2CAA10C8C4C949EC51919 /* MonaSans_Condensed-ExtraLight.ttf */ = {isa = PBXFileReference; explicitFileType = undefined; fileEncoding = 9; includeInIndex = 0; lastKnownFileType = unknown; name = "MonaSans_Condensed-ExtraLight.ttf"; path = "../src/assets/fonts/MonaSans_Condensed-ExtraLight.ttf"; sourceTree = "<group>"; };
		DDC14E95C9DF4E66A220328C /* MonaSans_Expanded-BlackItalic.ttf */ = {isa = PBXFileReference; explicitFileType = undefined; fileEncoding = 9; includeInIndex = 0; lastKnownFileType = unknown; name = "MonaSans_Expanded-BlackItalic.ttf"; path = "../src/assets/fonts/MonaSans_Expanded-BlackItalic.ttf"; sourceTree = "<group>"; };
		E07E3D2261394F7E91929261 /* MonaSans-Italic.ttf */ = {isa = PBXFileReference; explicitFileType = undefined; fileEncoding = 9; includeInIndex = 0; lastKnownFileType = unknown; name = "MonaSans-Italic.ttf"; path = "../src/assets/fonts/MonaSans-Italic.ttf"; sourceTree = "<group>"; };
		E323449C06C34AEB82C27A3B /* MonaSans_SemiExpanded-Light.ttf */ = {isa = PBXFileReference; explicitFileType = undefined; fileEncoding = 9; includeInIndex = 0; lastKnownFileType = unknown; name = "MonaSans_SemiExpanded-Light.ttf"; path = "../src/assets/fonts/MonaSans_SemiExpanded-Light.ttf"; sourceTree = "<group>"; };
		E3EE05F7D7644111A925AE96 /* MonaSans_Condensed-SemiBold.ttf */ = {isa = PBXFileReference; explicitFileType = undefined; fileEncoding = 9; includeInIndex = 0; lastKnownFileType = unknown; name = "MonaSans_Condensed-SemiBold.ttf"; path = "../src/assets/fonts/MonaSans_Condensed-SemiBold.ttf"; sourceTree = "<group>"; };
		E6CE43311A054CE8A5D9F5FE /* MonaSans_SemiCondensed-BlackItalic.ttf */ = {isa = PBXFileReference; explicitFileType = undefined; fileEncoding = 9; includeInIndex = 0; lastKnownFileType = unknown; name = "MonaSans_SemiCondensed-BlackItalic.ttf"; path = "../src/assets/fonts/MonaSans_SemiCondensed-BlackItalic.ttf"; sourceTree = "<group>"; };
		ED1B9186063D4290B1C45ADE /* MonaSans_Condensed-Italic.ttf */ = {isa = PBXFileReference; explicitFileType = undefined; fileEncoding = 9; includeInIndex = 0; lastKnownFileType = unknown; name = "MonaSans_Condensed-Italic.ttf"; path = "../src/assets/fonts/MonaSans_Condensed-Italic.ttf"; sourceTree = "<group>"; };
		ED297162215061F000B7C4FE /* JavaScriptCore.framework */ = {isa = PBXFileReference; lastKnownFileType = wrapper.framework; name = JavaScriptCore.framework; path = System/Library/Frameworks/JavaScriptCore.framework; sourceTree = SDKROOT; };
		F2D850DE392846FF9AE66519 /* MonaSans_SemiCondensed-SemiBoldItalic.ttf */ = {isa = PBXFileReference; explicitFileType = undefined; fileEncoding = 9; includeInIndex = 0; lastKnownFileType = unknown; name = "MonaSans_SemiCondensed-SemiBoldItalic.ttf"; path = "../src/assets/fonts/MonaSans_SemiCondensed-SemiBoldItalic.ttf"; sourceTree = "<group>"; };
		F9B3FD5ACC134A0EAF067057 /* MonaSans_SemiExpanded-SemiBold.ttf */ = {isa = PBXFileReference; explicitFileType = undefined; fileEncoding = 9; includeInIndex = 0; lastKnownFileType = unknown; name = "MonaSans_SemiExpanded-SemiBold.ttf"; path = "../src/assets/fonts/MonaSans_SemiExpanded-SemiBold.ttf"; sourceTree = "<group>"; };
		FB3182E2C27D4B9AAE060911 /* MonaSans-SemiBoldItalic.ttf */ = {isa = PBXFileReference; explicitFileType = undefined; fileEncoding = 9; includeInIndex = 0; lastKnownFileType = unknown; name = "MonaSans-SemiBoldItalic.ttf"; path = "../src/assets/fonts/MonaSans-SemiBoldItalic.ttf"; sourceTree = "<group>"; };
		FF6C35DB19E141BFB1AA2531 /* MonaSans-Black.ttf */ = {isa = PBXFileReference; explicitFileType = undefined; fileEncoding = 9; includeInIndex = 0; lastKnownFileType = unknown; name = "MonaSans-Black.ttf"; path = "../src/assets/fonts/MonaSans-Black.ttf"; sourceTree = "<group>"; };
/* End PBXFileReference section */

/* Begin PBXFrameworksBuildPhase section */
		00E356EB1AD99517003FC87E /* Frameworks */ = {
			isa = PBXFrameworksBuildPhase;
			buildActionMask = 2147483647;
			files = (
				C4D06AD97F7074DD16217BB2 /* Pods_Pryvo_PryvoTests.framework in Frameworks */,
			);
			runOnlyForDeploymentPostprocessing = 0;
		};
		13B07F8C1A680F5B00A75B9A /* Frameworks */ = {
			isa = PBXFrameworksBuildPhase;
			buildActionMask = 2147483647;
			files = (
				6D2805D6075225B76232ED97 /* Pods_Pryvo.framework in Frameworks */,
			);
			runOnlyForDeploymentPostprocessing = 0;
		};
/* End PBXFrameworksBuildPhase section */

/* Begin PBXGroup section */
		00E356EF1AD99517003FC87E /* PryvoTests */ = {
			isa = PBXGroup;
			children = (
				00E356F21AD99517003FC87E /* PryvoTests.m */,
				00E356F01AD99517003FC87E /* Supporting Files */,
			);
			path = PryvoTests;
			sourceTree = "<group>";
		};
		00E356F01AD99517003FC87E /* Supporting Files */ = {
			isa = PBXGroup;
			children = (
				00E356F11AD99517003FC87E /* Info.plist */,
			);
			name = "Supporting Files";
			sourceTree = "<group>";
		};
		13B07FAE1A68108700A75B9A /* Pryvo */ = {
			isa = PBXGroup;
			children = (
				738A6372531E621E10BB549F /* GoogleService-Info.plist */,
				00BB96972EC72CEE00EF1461 /* Pryvo.entitlements */,
				13B07FAF1A68108700A75B9A /* AppDelegate.h */,
				13B07FB01A68108700A75B9A /* AppDelegate.mm */,
				13B07FB51A68108700A75B9A /* Images.xcassets */,
				13B07FB61A68108700A75B9A /* Info.plist */,
				81AB9BB72411601600AC10FF /* LaunchScreen.storyboard */,
				13B07FB71A68108700A75B9A /* main.m */,
				13B07FB81A68108700A75B9A /* PrivacyInfo.xcprivacy */,
			);
			name = Pryvo;
			sourceTree = "<group>";
		};
		2D16E6871FA4F8E400B85C8A /* Frameworks */ = {
			isa = PBXGroup;
			children = (
				ED297162215061F000B7C4FE /* JavaScriptCore.framework */,
				52F2A41E57165376CA7CAD26 /* Pods_Pryvo.framework */,
				BE1EEF1BD8A0F2743E057F9A /* Pods_Pryvo_PryvoTests.framework */,
			);
			name = Frameworks;
			sourceTree = "<group>";
		};
		832341AE1AAA6A7D00B99B32 /* Libraries */ = {
			isa = PBXGroup;
			children = (
			);
			name = Libraries;
			sourceTree = "<group>";
		};
		83CBB9F61A601CBA00E9B192 = {
			isa = PBXGroup;
			children = (
				13B07FAE1A68108700A75B9A /* Pryvo */,
				832341AE1AAA6A7D00B99B32 /* Libraries */,
				00E356EF1AD99517003FC87E /* PryvoTests */,
				83CBBA001A601CBA00E9B192 /* Products */,
				2D16E6871FA4F8E400B85C8A /* Frameworks */,
				BBD78D7AC51CEA395F1C20DB /* Pods */,
				D40504E27D89480184987AF3 /* Resources */,
			);
			indentWidth = 2;
			sourceTree = "<group>";
			tabWidth = 2;
			usesTabs = 0;
		};
		83CBBA001A601CBA00E9B192 /* Products */ = {
			isa = PBXGroup;
			children = (
				13B07F961A680F5B00A75B9A /* Pryvo.app */,
				00E356EE1AD99517003FC87E /* PryvoTests.xctest */,
			);
			name = Products;
			sourceTree = "<group>";
		};
		BBD78D7AC51CEA395F1C20DB /* Pods */ = {
			isa = PBXGroup;
			children = (
				0F7057D1577A504DA628C315 /* Pods-Pryvo.debug.xcconfig */,
				BE4E4333EA9AB5697526E3FC /* Pods-Pryvo.release.xcconfig */,
				7468FB599D933DFED71DFF53 /* Pods-Pryvo-PryvoTests.debug.xcconfig */,
				A23345C8704233B540ADC6A7 /* Pods-Pryvo-PryvoTests.release.xcconfig */,
			);
			path = Pods;
			sourceTree = "<group>";
		};
		D40504E27D89480184987AF3 /* Resources */ = {
			isa = PBXGroup;
			children = (
				441C68885B68465CBD17D516 /* MonaSans-ExtraLightItalic.ttf */,
				FB3182E2C27D4B9AAE060911 /* MonaSans-SemiBoldItalic.ttf */,
				BD29D809E39B4610962C3DF9 /* MonaSans-BoldItalic.ttf */,
				01CA5C469AA54B39B638D480 /* MonaSans_Condensed-LightItalic.ttf */,
				234A09F9A42E4D9C8B148FC9 /* MonaSans_SemiExpanded-MediumItalic.ttf */,
				015FB328AA124B28994C2E5C /* MonaSans_Condensed-Medium.ttf */,
				C3C4B9AA37CD445EA1421F40 /* MonaSans_Expanded-ExtraBoldItalic.ttf */,
				BA45204D74AB41FFA75FA7A1 /* MonaSans_SemiCondensed-Light.ttf */,
				5DE711F00CB94CA2BCD1CD4E /* MonaSans-ExtraLight.ttf */,
				D1BE4324B07D4DD1961B1126 /* MonaSans_SemiExpanded-SemiBoldItalic.ttf */,
				400A8660D846436D8CB32879 /* MonaSans_Condensed-ExtraBold.ttf */,
				8DB0EA21ADD44BF9A09922B3 /* MonaSans_SemiCondensed-ExtraBoldItalic.ttf */,
				B5E54BEDF6F04BE6BA168873 /* MonaSans-ExtraBoldItalic.ttf */,
				554FDA10B3F14F198D392E60 /* MonaSans_SemiExpanded-Medium.ttf */,
				1FC3D5DB97B94956BDFA4D9A /* MonaSans-Regular.ttf */,
				FF6C35DB19E141BFB1AA2531 /* MonaSans-Black.ttf */,
				338A9E6E1F66436F93E65FEF /* MonaSans_SemiExpanded-BoldItalic.ttf */,
				365BF4BDCAF4460DBD2D90C1 /* MonaSans_Condensed-MediumItalic.ttf */,
				9E653FE2E82D4429A23DD9BF /* MonaSans_SemiCondensed-Medium.ttf */,
				62B10A2C83194FC5BDA97DB8 /* MonaSans_SemiExpanded-ExtraLight.ttf */,
				3F2C02DDE34C432983877A5B /* MonaSans_SemiExpanded-ExtraBold.ttf */,
				69697F3E5C0A45378DC1A5F3 /* MonaSans_SemiExpanded-BlackItalic.ttf */,
				0EAB8B6D7AEC4B5A9EBFAF79 /* MonaSans_SemiExpanded-Black.ttf */,
				12DBF186A3154B32BDF6655B /* MonaSans_Expanded-Bold.ttf */,
				1F9AA091518442C8B2E88DC6 /* MonaSans_SemiCondensed-ExtraLight.ttf */,
				6CAA458749D54982BF249EDB /* MonaSans_SemiCondensed-Regular.ttf */,
				7D0DC9D413B64EF59E5208DB /* MonaSans_SemiExpanded-ExtraBoldItalic.ttf */,
				A3FD4B7EAFE44EFD9E6E08A6 /* MonaSans_SemiCondensed-BoldItalic.ttf */,
				040428479DE44A3C98F083FF /* MonaSans_Expanded-Light.ttf */,
				1CE318B00FB349518ABFD8F8 /* MonaSans_SemiExpanded-LightItalic.ttf */,
				D3601E3C0E3545A195FB6901 /* MonaSans_Condensed-Black.ttf */,
				13EF1849A41546E58EB9C717 /* MonaSans_Expanded-Italic.ttf */,
				E3EE05F7D7644111A925AE96 /* MonaSans_Condensed-SemiBold.ttf */,
				A51FAACFEBAD4FA0B0648EE9 /* MonaSans_SemiExpanded-ExtraLightItalic.ttf */,
				9ECFD4F91E7647FFB2700F1C /* MonaSans_Condensed-BlackItalic.ttf */,
				F9B3FD5ACC134A0EAF067057 /* MonaSans_SemiExpanded-SemiBold.ttf */,
				CFE0DCBD52F14C23ADE75894 /* MonaSans-Medium.ttf */,
				5B689E76934C426F8DA18818 /* MonaSans_SemiCondensed-Bold.ttf */,
				4BC47F8C522B4EA783A9B5EB /* MonaSans_Condensed-ExtraLightItalic.ttf */,
				02585F4FF0554E51BE38FD9A /* MonaSans_SemiExpanded-Bold.ttf */,
				6CACBD30D6D64425AD7F9A5D /* MonaSans_Condensed-ExtraBoldItalic.ttf */,
				CA7C5C097C0F44B4AE7A7BBD /* MonaSans_Condensed-Light.ttf */,
				50F6493A5FDC49129BE1638C /* MonaSans-LightItalic.ttf */,
				7A2610189B1A4EE1BC7284E6 /* MonaSans_Expanded-SemiBold.ttf */,
				493D8C3A406747CB8D69CFED /* MonaSans-ExtraBold.ttf */,
				AB521CF711D245E3A9B806AD /* MonaSans_SemiCondensed-ExtraLightItalic.ttf */,
				A62E90B5EFF44902A782B5D4 /* MonaSans_Condensed-Regular.ttf */,
				E07E3D2261394F7E91929261 /* MonaSans-Italic.ttf */,
				F2D850DE392846FF9AE66519 /* MonaSans_SemiCondensed-SemiBoldItalic.ttf */,
				DDC14E95C9DF4E66A220328C /* MonaSans_Expanded-BlackItalic.ttf */,
				47DA1257451245EABEE1287A /* MonaSans_Expanded-Black.ttf */,
				A46D4285B62F42A6845FAD1E /* MonaSans_SemiCondensed-SemiBold.ttf */,
				E6CE43311A054CE8A5D9F5FE /* MonaSans_SemiCondensed-BlackItalic.ttf */,
				1C67D98C42D848AB8FD1107B /* MonaSans_Expanded-Medium.ttf */,
				105B0CF742894CC18009EF26 /* MonaSans-Bold.ttf */,
				945427F377EC4490B16FE4E2 /* MonaSans-Light.ttf */,
				ED1B9186063D4290B1C45ADE /* MonaSans_Condensed-Italic.ttf */,
				DBC2CAA10C8C4C949EC51919 /* MonaSans_Condensed-ExtraLight.ttf */,
				D8E259F6133246949AFD6C9B /* MonaSans-MediumItalic.ttf */,
				D9BF75990A90458F83F00E3B /* MonaSans-SemiBold.ttf */,
				0E9D5FA3FB3241618EC0927C /* MonaSans_SemiExpanded-Regular.ttf */,
				E323449C06C34AEB82C27A3B /* MonaSans_SemiExpanded-Light.ttf */,
				387A10E76F224B9C8F071015 /* MonaSans_Expanded-LightItalic.ttf */,
				81F424FF8C2F43E986977B6A /* MonaSans_SemiCondensed-ExtraBold.ttf */,
				85AF03BFC26C41658A41A21E /* MonaSans_Expanded-ExtraLightItalic.ttf */,
				2FA344AA3CBE4A9089E7F80D /* MonaSans_Expanded-SemiBoldItalic.ttf */,
				3D3ABF85D2504471A0A4AE6D /* MonaSans_Expanded-MediumItalic.ttf */,
				D48F0877D43344099C9FF7DD /* MonaSans_SemiCondensed-LightItalic.ttf */,
				9D566F3DE3624F9EA068FB18 /* MonaSans_Condensed-BoldItalic.ttf */,
				93A8C6411347436983593B10 /* MonaSans_SemiCondensed-Italic.ttf */,
				0330B15107C24E06AB99904B /* MonaSans_Expanded-ExtraBold.ttf */,
				73A5B83B58564D98B8F5BF23 /* MonaSans_Expanded-BoldItalic.ttf */,
				77ADE885937C44DF96B930D6 /* MonaSans_Condensed-SemiBoldItalic.ttf */,
				07CD563A0A824FCC91FD6D90 /* MonaSans_SemiExpanded-Italic.ttf */,
				73EC82E68F2F49A68EF1234D /* MonaSans_Condensed-Bold.ttf */,
				5053074241364ED6A40FE222 /* MonaSans_SemiCondensed-MediumItalic.ttf */,
				9C69C5D3F026430D8DF93B14 /* MonaSans_Expanded-Regular.ttf */,
				2028C0488F5D4BC581F98AFB /* MonaSans_Expanded-ExtraLight.ttf */,
				6F83D1F528B94C6690136B56 /* MonaSans-BlackItalic.ttf */,
				4C883C599DDD400F849EF066 /* MonaSans_SemiCondensed-Black.ttf */,
			);
			name = Resources;
			sourceTree = "<group>";
		};
/* End PBXGroup section */

/* Begin PBXNativeTarget section */
		00E356ED1AD99517003FC87E /* PryvoTests */ = {
			isa = PBXNativeTarget;
			buildConfigurationList = 00E357021AD99517003FC87E /* Build configuration list for PBXNativeTarget "PryvoTests" */;
			buildPhases = (
				843065395E2F301FBEA5339D /* [CP] Check Pods Manifest.lock */,
				00E356EA1AD99517003FC87E /* Sources */,
				00E356EB1AD99517003FC87E /* Frameworks */,
				00E356EC1AD99517003FC87E /* Resources */,
				5BA33AA4E13A8B502D25BA5B /* [CP] Embed Pods Frameworks */,
				4707C03E9CEEBA369D5B5CD1 /* [CP] Copy Pods Resources */,
			);
			buildRules = (
			);
			dependencies = (
				00E356F51AD99517003FC87E /* PBXTargetDependency */,
			);
			name = PryvoTests;
			productName = PryvoTests;
			productReference = 00E356EE1AD99517003FC87E /* PryvoTests.xctest */;
			productType = "com.apple.product-type.bundle.unit-test";
		};
		13B07F861A680F5B00A75B9A /* Pryvo */ = {
			isa = PBXNativeTarget;
			buildConfigurationList = 13B07F931A680F5B00A75B9A /* Build configuration list for PBXNativeTarget "Pryvo" */;
			buildPhases = (
				9060419E0D8DA30A470F2685 /* [CP] Check Pods Manifest.lock */,
				13B07F871A680F5B00A75B9A /* Sources */,
				13B07F8C1A680F5B00A75B9A /* Frameworks */,
				13B07F8E1A680F5B00A75B9A /* Resources */,
				00DD1BFF1BD5951E006B06BC /* Bundle React Native code and images */,
				6AF782663035DDAC57E5EEA9 /* [CP] Embed Pods Frameworks */,
				2B03EDBD1DAC7F8D05E41DA9 /* [CP] Copy Pods Resources */,
				738A6374531E621E10BB549F /* [CP-User] [RNFB] Core Configuration */,
			);
			buildRules = (
			);
			dependencies = (
			);
			name = Pryvo;
			productName = Pryvo;
			productReference = 13B07F961A680F5B00A75B9A /* Pryvo.app */;
			productType = "com.apple.product-type.application";
		};
/* End PBXNativeTarget section */

/* Begin PBXProject section */
		83CBB9F71A601CBA00E9B192 /* Project object */ = {
			isa = PBXProject;
			attributes = {
				LastUpgradeCheck = 1210;
				TargetAttributes = {
					00E356ED1AD99517003FC87E = {
						CreatedOnToolsVersion = 6.2;
						TestTargetID = 13B07F861A680F5B00A75B9A;
					};
					13B07F861A680F5B00A75B9A = {
						LastSwiftMigration = 1120;
					};
				};
			};
			buildConfigurationList = 83CBB9FA1A601CBA00E9B192 /* Build configuration list for PBXProject "Pryvo" */;
			compatibilityVersion = "Xcode 12.0";
			developmentRegion = en;
			hasScannedForEncodings = 0;
			knownRegions = (
				en,
				Base,
			);
			mainGroup = 83CBB9F61A601CBA00E9B192;
			productRefGroup = 83CBBA001A601CBA00E9B192 /* Products */;
			projectDirPath = "";
			projectRoot = "";
			targets = (
				13B07F861A680F5B00A75B9A /* Pryvo */,
				00E356ED1AD99517003FC87E /* PryvoTests */,
			);
		};
/* End PBXProject section */

/* Begin PBXResourcesBuildPhase section */
		00E356EC1AD99517003FC87E /* Resources */ = {
			isa = PBXResourcesBuildPhase;
			buildActionMask = 2147483647;
			files = (
			);
			runOnlyForDeploymentPostprocessing = 0;
		};
		13B07F8E1A680F5B00A75B9A /* Resources */ = {
			isa = PBXResourcesBuildPhase;
			buildActionMask = 2147483647;
			files = (
				738A6373531E621E10BB549F /* GoogleService-Info.plist in Resources */,
				81AB9BB82411601600AC10FF /* LaunchScreen.storyboard in Resources */,
				13B07FBF1A68108700A75B9A /* Images.xcassets in Resources */,
				D8A8BBE4E88A5730DD765908 /* PrivacyInfo.xcprivacy in Resources */,
				6BC3979FFEDA476CB012F20B /* MonaSans-ExtraLightItalic.ttf in Resources */,
				D4F2FC2D9B744BEC893A3FAB /* MonaSans-SemiBoldItalic.ttf in Resources */,
				1CE957CFF80846B4AE48CE95 /* MonaSans-BoldItalic.ttf in Resources */,
				A9CFE5AC11E64E27B481607D /* MonaSans_Condensed-LightItalic.ttf in Resources */,
				DAF1E914606045AD9ED13D51 /* MonaSans_SemiExpanded-MediumItalic.ttf in Resources */,
				2F969ECE9F064232850702A7 /* MonaSans_Condensed-Medium.ttf in Resources */,
				BDB3CFF47713415C988DF306 /* MonaSans_Expanded-ExtraBoldItalic.ttf in Resources */,
				4B94112198DC46F892584451 /* MonaSans_SemiCondensed-Light.ttf in Resources */,
				EFB187B95BDF436C97EBCDEB /* MonaSans-ExtraLight.ttf in Resources */,
				BBA3F21301A847E2A4973BBF /* MonaSans_SemiExpanded-SemiBoldItalic.ttf in Resources */,
				5CFD906A699542EE8E6F9AC5 /* MonaSans_Condensed-ExtraBold.ttf in Resources */,
				0ECCD34969C64BE6AFFB0087 /* MonaSans_SemiCondensed-ExtraBoldItalic.ttf in Resources */,
				E56D19B0E91445C6B2A5B563 /* MonaSans-ExtraBoldItalic.ttf in Resources */,
				66E30E5421054D199D8D7BE6 /* MonaSans_SemiExpanded-Medium.ttf in Resources */,
				45AEF95A0A9B4E668F43B9AF /* MonaSans-Regular.ttf in Resources */,
				78D856F49E354729B09348AA /* MonaSans-Black.ttf in Resources */,
				F948D845DD6F4789BD9C7D62 /* MonaSans_SemiExpanded-BoldItalic.ttf in Resources */,
				D9B3477E80F6475E9C45696A /* MonaSans_Condensed-MediumItalic.ttf in Resources */,
				79CB6E9B51F247EA9EFE2AE1 /* MonaSans_SemiCondensed-Medium.ttf in Resources */,
				4A466A7B17594809BEB5D9B4 /* MonaSans_SemiExpanded-ExtraLight.ttf in Resources */,
				D100E09A16D14E94A67BD1C0 /* MonaSans_SemiExpanded-ExtraBold.ttf in Resources */,
				CED5D08C2AFF432E97428E2F /* MonaSans_SemiExpanded-BlackItalic.ttf in Resources */,
				422C7F470260481D866C226D /* MonaSans_SemiExpanded-Black.ttf in Resources */,
				045F8B2FC3354AD093FB900B /* MonaSans_Expanded-Bold.ttf in Resources */,
				4D21DB7B777549A6B3AC2096 /* MonaSans_SemiCondensed-ExtraLight.ttf in Resources */,
				F4D201045BA64D75A3CD5810 /* MonaSans_SemiCondensed-Regular.ttf in Resources */,
				908235CDB6BE4838B3106BF6 /* MonaSans_SemiExpanded-ExtraBoldItalic.ttf in Resources */,
				FB64894F556A41938EC31B07 /* MonaSans_SemiCondensed-BoldItalic.ttf in Resources */,
				40A53B52F6C5494BB6264B17 /* MonaSans_Expanded-Light.ttf in Resources */,
				8B34E24474DA4FF285A2BE66 /* MonaSans_SemiExpanded-LightItalic.ttf in Resources */,
				908471584FE74514B6A150C8 /* MonaSans_Condensed-Black.ttf in Resources */,
				458B22DF4C604C46A064966C /* MonaSans_Expanded-Italic.ttf in Resources */,
				C60FEDD87DB941AD96358D59 /* MonaSans_Condensed-SemiBold.ttf in Resources */,
				96A5307628D34D2E8BF8CEAD /* MonaSans_SemiExpanded-ExtraLightItalic.ttf in Resources */,
				3BEB5FFD2B954A8A87F043F3 /* MonaSans_Condensed-BlackItalic.ttf in Resources */,
				94382B5D09E5467EA973CF01 /* MonaSans_SemiExpanded-SemiBold.ttf in Resources */,
				5E47069FAE84459791A254B3 /* MonaSans-Medium.ttf in Resources */,
				9FDC71CC03334721AEED2C1C /* MonaSans_SemiCondensed-Bold.ttf in Resources */,
				91DBC61A839144D3A78F3CD5 /* MonaSans_Condensed-ExtraLightItalic.ttf in Resources */,
				B0AE77245BEC4727AD2D8D95 /* MonaSans_SemiExpanded-Bold.ttf in Resources */,
				E414197141F240F9B5391477 /* MonaSans_Condensed-ExtraBoldItalic.ttf in Resources */,
				0C10CCF339C24162AD8DF836 /* MonaSans_Condensed-Light.ttf in Resources */,
				8840D5EA12134179A88B3043 /* MonaSans-LightItalic.ttf in Resources */,
				7D066A343383489FB1E4FA64 /* MonaSans_Expanded-SemiBold.ttf in Resources */,
				359D7C28AFA14D43B5B14743 /* MonaSans-ExtraBold.ttf in Resources */,
				2C223146176B44998635E119 /* MonaSans_SemiCondensed-ExtraLightItalic.ttf in Resources */,
				7489AFE34893441C92487C19 /* MonaSans_Condensed-Regular.ttf in Resources */,
				76F4D5B104104C39BC28E530 /* MonaSans-Italic.ttf in Resources */,
				656C1F6B98CA46B48E664A19 /* MonaSans_SemiCondensed-SemiBoldItalic.ttf in Resources */,
				A5EC25C411FD4601A10FF553 /* MonaSans_Expanded-BlackItalic.ttf in Resources */,
				AB38C976F3824DEF95D56B86 /* MonaSans_Expanded-Black.ttf in Resources */,
				4143564C3E0744388D56F41F /* MonaSans_SemiCondensed-SemiBold.ttf in Resources */,
				CA40AFF2E71C4814AF0AB5D7 /* MonaSans_SemiCondensed-BlackItalic.ttf in Resources */,
				14C7788C4E7E45058714C350 /* MonaSans_Expanded-Medium.ttf in Resources */,
				2A018C765CCD49D5A19AB9CF /* MonaSans-Bold.ttf in Resources */,
				6E44ECBC335E4C64A6317DC4 /* MonaSans-Light.ttf in Resources */,
				F5C128ABD12F48218252A13E /* MonaSans_Condensed-Italic.ttf in Resources */,
				13053ED517D24C88967B6AF4 /* MonaSans_Condensed-ExtraLight.ttf in Resources */,
				6D02625E1C624B7FB56F41A2 /* MonaSans-MediumItalic.ttf in Resources */,
				9BF1DBF08DC448C7A0C04E8F /* MonaSans-SemiBold.ttf in Resources */,
				CEDEDA70848743A2A9330FE3 /* MonaSans_SemiExpanded-Regular.ttf in Resources */,
				73018264FB084842A193CFC6 /* MonaSans_SemiExpanded-Light.ttf in Resources */,
				EBA246DE197B4D6C88A65EEC /* MonaSans_Expanded-LightItalic.ttf in Resources */,
				A9DF93288C134B3D96D586BB /* MonaSans_SemiCondensed-ExtraBold.ttf in Resources */,
				C4FC5F933A834914A0F847F7 /* MonaSans_Expanded-ExtraLightItalic.ttf in Resources */,
				1602F86D52D245BB87BECEBC /* MonaSans_Expanded-SemiBoldItalic.ttf in Resources */,
				46733B005DE441FABCAEE0F7 /* MonaSans_Expanded-MediumItalic.ttf in Resources */,
				7254672903004E6089756949 /* MonaSans_SemiCondensed-LightItalic.ttf in Resources */,
				1F5A87BCFE23417A91D3FDCE /* MonaSans_Condensed-BoldItalic.ttf in Resources */,
				F97AB564D79541DDA7762918 /* MonaSans_SemiCondensed-Italic.ttf in Resources */,
				42BD686DCF16485782F1CEBE /* MonaSans_Expanded-ExtraBold.ttf in Resources */,
				94C8B439D91F486FA471FC30 /* MonaSans_Expanded-BoldItalic.ttf in Resources */,
				5F69A24C8E294E0AA1161EF5 /* MonaSans_Condensed-SemiBoldItalic.ttf in Resources */,
				D614370EF78A44E08A9FB3FA /* MonaSans_SemiExpanded-Italic.ttf in Resources */,
				A4DEC386C5FC430984351531 /* MonaSans_Condensed-Bold.ttf in Resources */,
				DD13131DDA37407FAF050344 /* MonaSans_SemiCondensed-MediumItalic.ttf in Resources */,
				6F1C4D0FD1BE47EE95F01A33 /* MonaSans_Expanded-Regular.ttf in Resources */,
				8C03891DE15A442FB4ABBD1D /* MonaSans_Expanded-ExtraLight.ttf in Resources */,
				B00B0F898F8C4360AADC0E0A /* MonaSans-BlackItalic.ttf in Resources */,
				AFA828E69F654A84BD984E6C /* MonaSans_SemiCondensed-Black.ttf in Resources */,
			);
			runOnlyForDeploymentPostprocessing = 0;
		};
/* End PBXResourcesBuildPhase section */

/* Begin PBXShellScriptBuildPhase section */
		00DD1BFF1BD5951E006B06BC /* Bundle React Native code and images */ = {
			isa = PBXShellScriptBuildPhase;
			buildActionMask = 2147483647;
			files = (
			);
			inputPaths = (
				"$(SRCROOT)/.xcode.env.local",
				"$(SRCROOT)/.xcode.env",
			);
			name = "Bundle React Native code and images";
			outputPaths = (
			);
			runOnlyForDeploymentPostprocessing = 0;
			shellPath = /bin/sh;
			shellScript = "set -e\n\nWITH_ENVIRONMENT=\"$REACT_NATIVE_PATH/scripts/xcode/with-environment.sh\"\nREACT_NATIVE_XCODE=\"$REACT_NATIVE_PATH/scripts/react-native-xcode.sh\"\n\n/bin/sh -c \"$WITH_ENVIRONMENT $REACT_NATIVE_XCODE\"\n";
		};
		2B03EDBD1DAC7F8D05E41DA9 /* [CP] Copy Pods Resources */ = {
			isa = PBXShellScriptBuildPhase;
			buildActionMask = 2147483647;
			files = (
			);
			inputFileListPaths = (
				"${PODS_ROOT}/Target Support Files/Pods-Pryvo/Pods-Pryvo-resources-${CONFIGURATION}-input-files.xcfilelist",
			);
			inputPaths = (
			);
			name = "[CP] Copy Pods Resources";
			outputFileListPaths = (
				"${PODS_ROOT}/Target Support Files/Pods-Pryvo/Pods-Pryvo-resources-${CONFIGURATION}-output-files.xcfilelist",
			);
			outputPaths = (
			);
			runOnlyForDeploymentPostprocessing = 0;
			shellPath = /bin/sh;
			shellScript = "\"${PODS_ROOT}/Target Support Files/Pods-Pryvo/Pods-Pryvo-resources.sh\"\n";
			showEnvVarsInLog = 0;
		};
		4707C03E9CEEBA369D5B5CD1 /* [CP] Copy Pods Resources */ = {
			isa = PBXShellScriptBuildPhase;
			buildActionMask = 2147483647;
			files = (
			);
			inputFileListPaths = (
				"${PODS_ROOT}/Target Support Files/Pods-Pryvo-PryvoTests/Pods-Pryvo-PryvoTests-resources-${CONFIGURATION}-input-files.xcfilelist",
			);
			inputPaths = (
			);
			name = "[CP] Copy Pods Resources";
			outputFileListPaths = (
				"${PODS_ROOT}/Target Support Files/Pods-Pryvo-PryvoTests/Pods-Pryvo-PryvoTests-resources-${CONFIGURATION}-output-files.xcfilelist",
			);
			outputPaths = (
			);
			runOnlyForDeploymentPostprocessing = 0;
			shellPath = /bin/sh;
			shellScript = "\"${PODS_ROOT}/Target Support Files/Pods-Pryvo-PryvoTests/Pods-Pryvo-PryvoTests-resources.sh\"\n";
			showEnvVarsInLog = 0;
		};
		5BA33AA4E13A8B502D25BA5B /* [CP] Embed Pods Frameworks */ = {
			isa = PBXShellScriptBuildPhase;
			buildActionMask = 2147483647;
			files = (
			);
			inputFileListPaths = (
				"${PODS_ROOT}/Target Support Files/Pods-Pryvo-PryvoTests/Pods-Pryvo-PryvoTests-frameworks-${CONFIGURATION}-input-files.xcfilelist",
			);
			inputPaths = (
			);
			name = "[CP] Embed Pods Frameworks";
			outputFileListPaths = (
				"${PODS_ROOT}/Target Support Files/Pods-Pryvo-PryvoTests/Pods-Pryvo-PryvoTests-frameworks-${CONFIGURATION}-output-files.xcfilelist",
			);
			outputPaths = (
			);
			runOnlyForDeploymentPostprocessing = 0;
			shellPath = /bin/sh;
			shellScript = "\"${PODS_ROOT}/Target Support Files/Pods-Pryvo-PryvoTests/Pods-Pryvo-PryvoTests-frameworks.sh\"\n";
			showEnvVarsInLog = 0;
		};
		6AF782663035DDAC57E5EEA9 /* [CP] Embed Pods Frameworks */ = {
			isa = PBXShellScriptBuildPhase;
			buildActionMask = 2147483647;
			files = (
			);
			inputFileListPaths = (
				"${PODS_ROOT}/Target Support Files/Pods-Pryvo/Pods-Pryvo-frameworks-${CONFIGURATION}-input-files.xcfilelist",
			);
			inputPaths = (
			);
			name = "[CP] Embed Pods Frameworks";
			outputFileListPaths = (
				"${PODS_ROOT}/Target Support Files/Pods-Pryvo/Pods-Pryvo-frameworks-${CONFIGURATION}-output-files.xcfilelist",
			);
			outputPaths = (
			);
			runOnlyForDeploymentPostprocessing = 0;
			shellPath = /bin/sh;
			shellScript = "\"${PODS_ROOT}/Target Support Files/Pods-Pryvo/Pods-Pryvo-frameworks.sh\"\n";
			showEnvVarsInLog = 0;
		};
		738A6374531E621E10BB549F /* [CP-User] [RNFB] Core Configuration */ = {
			isa = PBXShellScriptBuildPhase;
			buildActionMask = 2147483647;
			files = (
			);
			inputPaths = (
				"$(BUILT_PRODUCTS_DIR)/$(INFOPLIST_PATH)",
			);
			name = "[CP-User] [RNFB] Core Configuration";
			outputPaths = (
			);
			runOnlyForDeploymentPostprocessing = 0;
			shellPath = /bin/sh;
			shellScript = "#!/usr/bin/env bash\n#\n# Copyright (c) 2016-present Invertase Limited & Contributors\n#\n# Licensed under the Apache License, Version 2.0 (the \"License\");\n# you may not use this library except in compliance with the License.\n# You may obtain a copy of the License at\n#\n#   http://www.apache.org/licenses/LICENSE-2.0\n#\n# Unless required by applicable law or agreed to in writing, software\n# distributed under the License is distributed on an \"AS IS\" BASIS,\n# WITHOUT WARRANTIES OR CONDITIONS OF ANY KIND, either express or implied.\n# See the License for the specific language governing permissions and\n# limitations under the License.\n#\n\n##########################################################################\n##########################################################################\n#\n#  NOTE THAT IF YOU CHANGE THIS FILE YOU MUST RUN pod install AFTERWARDS\n#\n#  This file is installed as an Xcode build script in the project file\n#  by cocoapods, and you will not see your changes until you pod install\n#\n##########################################################################\n##########################################################################\n\nset -e\n\n_MAX_LOOKUPS=2;\n_SEARCH_RESULT=''\n_RN_ROOT_EXISTS=''\n_CURRENT_LOOKUPS=1\n_JSON_ROOT=\"'react-native'\"\n_JSON_FILE_NAME='firebase.json'\n_JSON_OUTPUT_BASE64='e30=' # { }\n_CURRENT_SEARCH_DIR=${PROJECT_DIR}\n_PLIST_BUDDY=/usr/libexec/PlistBuddy\n_TARGET_PLIST=\"${BUILT_PRODUCTS_DIR}/${INFOPLIST_PATH}\"\n_DSYM_PLIST=\"${DWARF_DSYM_FOLDER_PATH}/${DWARF_DSYM_FILE_NAME}/Contents/Info.plist\"\n\n# plist arrays\n_PLIST_ENTRY_KEYS=()\n_PLIST_ENTRY_TYPES=()\n_PLIST_ENTRY_VALUES=()\n\nfunction setPlistValue {\n  echo \"info:      setting plist entry '$1' of type '$2' in file '$4'\"\n  ${_PLIST_BUDDY} -c \"Add :$1 $2 '$3'\" $4 || echo \"info:      '$1' already exists\"\n}\n\nfunction getFirebaseJsonKeyValue () {\n  if [[ ${_RN_ROOT_EXISTS} ]]; then\n    ruby -Ku -e \"require 'rubygems';require 'json'; output=JSON.parse('$1'); puts output[$_JSON_ROOT]['$2']\"\n  else\n    echo \"\"\n  fi;\n}\n\nfunction jsonBoolToYesNo () {\n  if [[ $1 == \"false\" ]]; then\n    echo \"NO\"\n  elif [[ $1 == \"true\" ]]; then\n    echo \"YES\"\n  else echo \"NO\"\n  fi\n}\n\necho \"info: -> RNFB build script started\"\necho \"info: 1) Locating ${_JSON_FILE_NAME} file:\"\n\nif [[ -z ${_CURRENT_SEARCH_DIR} ]]; then\n  _CURRENT_SEARCH_DIR=$(pwd)\nfi;\n\nwhile true; do\n  _CURRENT_SEARCH_DIR=$(dirname \"$_CURRENT_SEARCH_DIR\")\n  if [[ \"$_CURRENT_SEARCH_DIR\" == \"/\" ]] || [[ ${_CURRENT_LOOKUPS} -gt ${_MAX_LOOKUPS} ]]; then break; fi;\n  echo \"info:      ($_CURRENT_LOOKUPS of $_MAX_LOOKUPS) Searching in '$_CURRENT_SEARCH_DIR' for a ${_JSON_FILE_NAME} file.\"\n  _SEARCH_RESULT=$(find \"$_CURRENT_SEARCH_DIR\" -maxdepth 2 -name ${_JSON_FILE_NAME} -print | /usr/bin/head -n 1)\n  if [[ ${_SEARCH_RESULT} ]]; then\n    echo \"info:      ${_JSON_FILE_NAME} found at $_SEARCH_RESULT\"\n    break;\n  fi;\n  _CURRENT_LOOKUPS=$((_CURRENT_LOOKUPS+1))\ndone\n\nif [[ ${_SEARCH_RESULT} ]]; then\n  _JSON_OUTPUT_RAW=$(cat \"${_SEARCH_RESULT}\")\n  _RN_ROOT_EXISTS=$(ruby -Ku -e \"require 'rubygems';require 'json'; output=JSON.parse('$_JSON_OUTPUT_RAW'); puts output[$_JSON_ROOT]\" || echo '')\n\n  if [[ ${_RN_ROOT_EXISTS} ]]; then\n    if ! python3 --version >/dev/null 2>&1; then echo \"python3 not found, firebase.json file processing error.\" && exit 1; fi\n    _JSON_OUTPUT_BASE64=$(python3 -c 'import json,sys,base64;print(base64.b64encode(bytes(json.dumps(json.loads(open('\"'${_SEARCH_RESULT}'\"', '\"'rb'\"').read())['${_JSON_ROOT}']), '\"'utf-8'\"')).decode())' || echo \"e30=\")\n  fi\n\n  _PLIST_ENTRY_KEYS+=(\"firebase_json_raw\")\n  _PLIST_ENTRY_TYPES+=(\"string\")\n  _PLIST_ENTRY_VALUES+=(\"$_JSON_OUTPUT_BASE64\")\n\n  # config.app_data_collection_default_enabled\n  _APP_DATA_COLLECTION_ENABLED=$(getFirebaseJsonKeyValue \"$_JSON_OUTPUT_RAW\" \"app_data_collection_default_enabled\")\n  if [[ $_APP_DATA_COLLECTION_ENABLED ]]; then\n    _PLIST_ENTRY_KEYS+=(\"FirebaseDataCollectionDefaultEnabled\")\n    _PLIST_ENTRY_TYPES+=(\"bool\")\n    _PLIST_ENTRY_VALUES+=(\"$(jsonBoolToYesNo \"$_APP_DATA_COLLECTION_ENABLED\")\")\n  fi\n\n  # config.analytics_auto_collection_enabled\n  _ANALYTICS_AUTO_COLLECTION=$(getFirebaseJsonKeyValue \"$_JSON_OUTPUT_RAW\" \"analytics_auto_collection_enabled\")\n  if [[ $_ANALYTICS_AUTO_COLLECTION ]]; then\n    _PLIST_ENTRY_KEYS+=(\"FIREBASE_ANALYTICS_COLLECTION_ENABLED\")\n    _PLIST_ENTRY_TYPES+=(\"bool\")\n    _PLIST_ENTRY_VALUES+=(\"$(jsonBoolToYesNo \"$_ANALYTICS_AUTO_COLLECTION\")\")\n  fi\n\n  # config.analytics_collection_deactivated\n  _ANALYTICS_DEACTIVATED=$(getFirebaseJsonKeyValue \"$_JSON_OUTPUT_RAW\" \"analytics_collection_deactivated\")\n  if [[ $_ANALYTICS_DEACTIVATED ]]; then\n    _PLIST_ENTRY_KEYS+=(\"FIREBASE_ANALYTICS_COLLECTION_DEACTIVATED\")\n    _PLIST_ENTRY_TYPES+=(\"bool\")\n    _PLIST_ENTRY_VALUES+=(\"$(jsonBoolToYesNo \"$_ANALYTICS_DEACTIVATED\")\")\n  fi\n\n  # config.analytics_idfv_collection_enabled\n  _ANALYTICS_IDFV_COLLECTION=$(getFirebaseJsonKeyValue \"$_JSON_OUTPUT_RAW\" \"analytics_idfv_collection_enabled\")\n  if [[ $_ANALYTICS_IDFV_COLLECTION ]]; then\n    _PLIST_ENTRY_KEYS+=(\"GOOGLE_ANALYTICS_IDFV_COLLECTION_ENABLED\")\n    _PLIST_ENTRY_TYPES+=(\"bool\")\n    _PLIST_ENTRY_VALUES+=(\"$(jsonBoolToYesNo \"$_ANALYTICS_IDFV_COLLECTION\")\")\n  fi\n\n  # config.analytics_default_allow_analytics_storage\n  _ANALYTICS_STORAGE=$(getFirebaseJsonKeyValue \"$_JSON_OUTPUT_RAW\" \"analytics_default_allow_analytics_storage\")\n  if [[ $_ANALYTICS_STORAGE ]]; then\n    _PLIST_ENTRY_KEYS+=(\"GOOGLE_ANALYTICS_DEFAULT_ALLOW_ANALYTICS_STORAGE\")\n    _PLIST_ENTRY_TYPES+=(\"bool\")\n    _PLIST_ENTRY_VALUES+=(\"$(jsonBoolToYesNo \"$_ANALYTICS_STORAGE\")\")\n  fi\n\n  # config.analytics_default_allow_ad_storage\n  _ANALYTICS_AD_STORAGE=$(getFirebaseJsonKeyValue \"$_JSON_OUTPUT_RAW\" \"analytics_default_allow_ad_storage\")\n  if [[ $_ANALYTICS_AD_STORAGE ]]; then\n    _PLIST_ENTRY_KEYS+=(\"GOOGLE_ANALYTICS_DEFAULT_ALLOW_AD_STORAGE\")\n    _PLIST_ENTRY_TYPES+=(\"bool\")\n    _PLIST_ENTRY_VALUES+=(\"$(jsonBoolToYesNo \"$_ANALYTICS_AD_STORAGE\")\")\n  fi\n\n  # config.analytics_default_allow_ad_user_data\n  _ANALYTICS_AD_USER_DATA=$(getFirebaseJsonKeyValue \"$_JSON_OUTPUT_RAW\" \"analytics_default_allow_ad_user_data\")\n  if [[ $_ANALYTICS_AD_USER_DATA ]]; then\n    _PLIST_ENTRY_KEYS+=(\"GOOGLE_ANALYTICS_DEFAULT_ALLOW_AD_USER_DATA\")\n    _PLIST_ENTRY_TYPES+=(\"bool\")\n    _PLIST_ENTRY_VALUES+=(\"$(jsonBoolToYesNo \"$_ANALYTICS_AD_USER_DATA\")\")\n  fi\n\n  # config.analytics_default_allow_ad_personalization_signals\n  _ANALYTICS_PERSONALIZATION=$(getFirebaseJsonKeyValue \"$_JSON_OUTPUT_RAW\" \"analytics_default_allow_ad_personalization_signals\")\n  if [[ $_ANALYTICS_PERSONALIZATION ]]; then\n    _PLIST_ENTRY_KEYS+=(\"GOOGLE_ANALYTICS_DEFAULT_ALLOW_AD_PERSONALIZATION_SIGNALS\")\n    _PLIST_ENTRY_TYPES+=(\"bool\")\n    _PLIST_ENTRY_VALUES+=(\"$(jsonBoolToYesNo \"$_ANALYTICS_PERSONALIZATION\")\")\n  fi\n\n  # config.analytics_registration_with_ad_network_enabled\n  _ANALYTICS_REGISTRATION_WITH_AD_NETWORK=$(getFirebaseJsonKeyValue \"$_JSON_OUTPUT_RAW\" \"google_analytics_registration_with_ad_network_enabled\")\n  if [[ $_ANALYTICS_REGISTRATION_WITH_AD_NETWORK ]]; then\n    _PLIST_ENTRY_KEYS+=(\"GOOGLE_ANALYTICS_REGISTRATION_WITH_AD_NETWORK_ENABLED\")\n    _PLIST_ENTRY_TYPES+=(\"bool\")\n    _PLIST_ENTRY_VALUES+=(\"$(jsonBoolToYesNo \"$_ANALYTICS_REGISTRATION_WITH_AD_NETWORK\")\")\n  fi\n\n  # config.google_analytics_automatic_screen_reporting_enabled\n  _ANALYTICS_AUTO_SCREEN_REPORTING=$(getFirebaseJsonKeyValue \"$_JSON_OUTPUT_RAW\" \"google_analytics_automatic_screen_reporting_enabled\")\n  if [[ $_ANALYTICS_AUTO_SCREEN_REPORTING ]]; then\n    _PLIST_ENTRY_KEYS+=(\"FirebaseAutomaticScreenReportingEnabled\")\n    _PLIST_ENTRY_TYPES+=(\"bool\")\n    _PLIST_ENTRY_VALUES+=(\"$(jsonBoolToYesNo \"$_ANALYTICS_AUTO_SCREEN_REPORTING\")\")\n  fi\n\n  # config.perf_auto_collection_enabled\n  _PERF_AUTO_COLLECTION=$(getFirebaseJsonKeyValue \"$_JSON_OUTPUT_RAW\" \"perf_auto_collection_enabled\")\n  if [[ $_PERF_AUTO_COLLECTION ]]; then\n    _PLIST_ENTRY_KEYS+=(\"firebase_performance_collection_enabled\")\n    _PLIST_ENTRY_TYPES+=(\"bool\")\n    _PLIST_ENTRY_VALUES+=(\"$(jsonBoolToYesNo \"$_PERF_AUTO_COLLECTION\")\")\n  fi\n\n  # config.perf_collection_deactivated\n  _PERF_DEACTIVATED=$(getFirebaseJsonKeyValue \"$_JSON_OUTPUT_RAW\" \"perf_collection_deactivated\")\n  if [[ $_PERF_DEACTIVATED ]]; then\n    _PLIST_ENTRY_KEYS+=(\"firebase_performance_collection_deactivated\")\n    _PLIST_ENTRY_TYPES+=(\"bool\")\n    _PLIST_ENTRY_VALUES+=(\"$(jsonBoolToYesNo \"$_PERF_DEACTIVATED\")\")\n  fi\n\n  # config.messaging_auto_init_enabled\n  _MESSAGING_AUTO_INIT=$(getFirebaseJsonKeyValue \"$_JSON_OUTPUT_RAW\" \"messaging_auto_init_enabled\")\n  if [[ $_MESSAGING_AUTO_INIT ]]; then\n    _PLIST_ENTRY_KEYS+=(\"FirebaseMessagingAutoInitEnabled\")\n    _PLIST_ENTRY_TYPES+=(\"bool\")\n    _PLIST_ENTRY_VALUES+=(\"$(jsonBoolToYesNo \"$_MESSAGING_AUTO_INIT\")\")\n  fi\n\n  # config.in_app_messaging_auto_colllection_enabled\n  _FIAM_AUTO_INIT=$(getFirebaseJsonKeyValue \"$_JSON_OUTPUT_RAW\" \"in_app_messaging_auto_collection_enabled\")\n  if [[ $_FIAM_AUTO_INIT ]]; then\n    _PLIST_ENTRY_KEYS+=(\"FirebaseInAppMessagingAutomaticDataCollectionEnabled\")\n    _PLIST_ENTRY_TYPES+=(\"bool\")\n    _PLIST_ENTRY_VALUES+=(\"$(jsonBoolToYesNo \"$_FIAM_AUTO_INIT\")\")\n  fi\n\n  # config.app_check_token_auto_refresh\n  _APP_CHECK_TOKEN_AUTO_REFRESH=$(getFirebaseJsonKeyValue \"$_JSON_OUTPUT_RAW\" \"app_check_token_auto_refresh\")\n  if [[ $_APP_CHECK_TOKEN_AUTO_REFRESH ]]; then\n    _PLIST_ENTRY_KEYS+=(\"FirebaseAppCheckTokenAutoRefreshEnabled\")\n    _PLIST_ENTRY_TYPES+=(\"bool\")\n    _PLIST_ENTRY_VALUES+=(\"$(jsonBoolToYesNo \"$_APP_CHECK_TOKEN_AUTO_REFRESH\")\")\n  fi\n\n  # config.crashlytics_disable_auto_disabler - undocumented for now - mainly for debugging, document if becomes useful\n  _CRASHLYTICS_AUTO_DISABLE_ENABLED=$(getFirebaseJsonKeyValue \"$_JSON_OUTPUT_RAW\" \"crashlytics_disable_auto_disabler\")\n  if [[ $_CRASHLYTICS_AUTO_DISABLE_ENABLED == \"true\" ]]; then\n    echo \"Disabled Crashlytics auto disabler.\" # do nothing\n  else\n    _PLIST_ENTRY_KEYS+=(\"FirebaseCrashlyticsCollectionEnabled\")\n    _PLIST_ENTRY_TYPES+=(\"bool\")\n    _PLIST_ENTRY_VALUES+=(\"NO\")\n  fi\nelse\n  _PLIST_ENTRY_KEYS+=(\"firebase_json_raw\")\n  _PLIST_ENTRY_TYPES+=(\"string\")\n  _PLIST_ENTRY_VALUES+=(\"$_JSON_OUTPUT_BASE64\")\n  echo \"warning:   A firebase.json file was not found, whilst this file is optional it is recommended to include it to configure firebase services in React Native Firebase.\"\nfi;\n\necho \"info: 2) Injecting Info.plist entries: \"\n\n# Log out the keys we're adding\nfor i in \"${!_PLIST_ENTRY_KEYS[@]}\"; do\n  echo \"    ->  $i) ${_PLIST_ENTRY_KEYS[$i]}\" \"${_PLIST_ENTRY_TYPES[$i]}\" \"${_PLIST_ENTRY_VALUES[$i]}\"\ndone\n\nfor plist in \"${_TARGET_PLIST}\" \"${_DSYM_PLIST}\" ; do\n  if [[ -f \"${plist}\" ]]; then\n\n    # paths with spaces break the call to setPlistValue. temporarily modify\n    # the shell internal field separator variable (IFS), which normally\n    # includes spaces, to consist only of line breaks\n    oldifs=$IFS\n    IFS=\"\n\"\n\n    for i in \"${!_PLIST_ENTRY_KEYS[@]}\"; do\n      setPlistValue \"${_PLIST_ENTRY_KEYS[$i]}\" \"${_PLIST_ENTRY_TYPES[$i]}\" \"${_PLIST_ENTRY_VALUES[$i]}\" \"${plist}\"\n    done\n\n    # restore the original internal field separator value\n    IFS=$oldifs\n  else\n    echo \"warning:   A Info.plist build output file was not found (${plist})\"\n  fi\ndone\n\necho \"info: <- RNFB build script finished\"\n";
		};
		843065395E2F301FBEA5339D /* [CP] Check Pods Manifest.lock */ = {
			isa = PBXShellScriptBuildPhase;
			buildActionMask = 2147483647;
			files = (
			);
			inputFileListPaths = (
			);
			inputPaths = (
				"${PODS_PODFILE_DIR_PATH}/Podfile.lock",
				"${PODS_ROOT}/Manifest.lock",
			);
			name = "[CP] Check Pods Manifest.lock";
			outputFileListPaths = (
			);
			outputPaths = (
				"$(DERIVED_FILE_DIR)/Pods-Pryvo-PryvoTests-checkManifestLockResult.txt",
			);
			runOnlyForDeploymentPostprocessing = 0;
			shellPath = /bin/sh;
			shellScript = "diff \"${PODS_PODFILE_DIR_PATH}/Podfile.lock\" \"${PODS_ROOT}/Manifest.lock\" > /dev/null\nif [ $? != 0 ] ; then\n    # print error to STDERR\n    echo \"error: The sandbox is not in sync with the Podfile.lock. Run 'pod install' or update your CocoaPods installation.\" >&2\n    exit 1\nfi\n# This output is used by Xcode 'outputs' to avoid re-running this script phase.\necho \"SUCCESS\" > \"${SCRIPT_OUTPUT_FILE_0}\"\n";
			showEnvVarsInLog = 0;
		};
		9060419E0D8DA30A470F2685 /* [CP] Check Pods Manifest.lock */ = {
			isa = PBXShellScriptBuildPhase;
			buildActionMask = 2147483647;
			files = (
			);
			inputFileListPaths = (
			);
			inputPaths = (
				"${PODS_PODFILE_DIR_PATH}/Podfile.lock",
				"${PODS_ROOT}/Manifest.lock",
			);
			name = "[CP] Check Pods Manifest.lock";
			outputFileListPaths = (
			);
			outputPaths = (
				"$(DERIVED_FILE_DIR)/Pods-Pryvo-checkManifestLockResult.txt",
			);
			runOnlyForDeploymentPostprocessing = 0;
			shellPath = /bin/sh;
			shellScript = "diff \"${PODS_PODFILE_DIR_PATH}/Podfile.lock\" \"${PODS_ROOT}/Manifest.lock\" > /dev/null\nif [ $? != 0 ] ; then\n    # print error to STDERR\n    echo \"error: The sandbox is not in sync with the Podfile.lock. Run 'pod install' or update your CocoaPods installation.\" >&2\n    exit 1\nfi\n# This output is used by Xcode 'outputs' to avoid re-running this script phase.\necho \"SUCCESS\" > \"${SCRIPT_OUTPUT_FILE_0}\"\n";
			showEnvVarsInLog = 0;
		};
/* End PBXShellScriptBuildPhase section */

/* Begin PBXSourcesBuildPhase section */
		00E356EA1AD99517003FC87E /* Sources */ = {
			isa = PBXSourcesBuildPhase;
			buildActionMask = 2147483647;
			files = (
				00E356F31AD99517003FC87E /* PryvoTests.m in Sources */,
			);
			runOnlyForDeploymentPostprocessing = 0;
		};
		13B07F871A680F5B00A75B9A /* Sources */ = {
			isa = PBXSourcesBuildPhase;
			buildActionMask = 2147483647;
			files = (
				13B07FBC1A68108700A75B9A /* AppDelegate.mm in Sources */,
				13B07FC11A68108700A75B9A /* main.m in Sources */,
			);
			runOnlyForDeploymentPostprocessing = 0;
		};
/* End PBXSourcesBuildPhase section */

/* Begin PBXTargetDependency section */
		00E356F51AD99517003FC87E /* PBXTargetDependency */ = {
			isa = PBXTargetDependency;
			target = 13B07F861A680F5B00A75B9A /* Pryvo */;
			targetProxy = 00E356F41AD99517003FC87E /* PBXContainerItemProxy */;
		};
/* End PBXTargetDependency section */

/* Begin XCBuildConfiguration section */
		00E356F61AD99517003FC87E /* Debug */ = {
			isa = XCBuildConfiguration;
			baseConfigurationReference = 7468FB599D933DFED71DFF53 /* Pods-Pryvo-PryvoTests.debug.xcconfig */;
			buildSettings = {
				BUNDLE_LOADER = "$(TEST_HOST)";
				GCC_PREPROCESSOR_DEFINITIONS = (
					"DEBUG=1",
					"$(inherited)",
				);
				INFOPLIST_FILE = PryvoTests/Info.plist;
				IPHONEOS_DEPLOYMENT_TARGET = 15.1;
				LD_RUNPATH_SEARCH_PATHS = (
					"$(inherited)",
					"@executable_path/Frameworks",
					"@loader_path/Frameworks",
				);
				OTHER_LDFLAGS = (
					"-ObjC",
					"-lc++",
					"$(inherited)",
				);
				PRODUCT_BUNDLE_IDENTIFIER = "org.reactjs.native.example.$(PRODUCT_NAME:rfc1034identifier)";
				PRODUCT_NAME = "$(TARGET_NAME)";
				TEST_HOST = "$(BUILT_PRODUCTS_DIR)/Pryvo.app/Pryvo";
			};
			name = Debug;
		};
		00E356F71AD99517003FC87E /* Release */ = {
			isa = XCBuildConfiguration;
			baseConfigurationReference = A23345C8704233B540ADC6A7 /* Pods-Pryvo-PryvoTests.release.xcconfig */;
			buildSettings = {
				BUNDLE_LOADER = "$(TEST_HOST)";
				COPY_PHASE_STRIP = NO;
				INFOPLIST_FILE = PryvoTests/Info.plist;
				IPHONEOS_DEPLOYMENT_TARGET = 15.1;
				LD_RUNPATH_SEARCH_PATHS = (
					"$(inherited)",
					"@executable_path/Frameworks",
					"@loader_path/Frameworks",
				);
				OTHER_LDFLAGS = (
					"-ObjC",
					"-lc++",
					"$(inherited)",
				);
				PRODUCT_BUNDLE_IDENTIFIER = "org.reactjs.native.example.$(PRODUCT_NAME:rfc1034identifier)";
				PRODUCT_NAME = "$(TARGET_NAME)";
				TEST_HOST = "$(BUILT_PRODUCTS_DIR)/Pryvo.app/Pryvo";
			};
			name = Release;
		};
		13B07F941A680F5B00A75B9A /* Debug */ = {
			isa = XCBuildConfiguration;
			baseConfigurationReference = 0F7057D1577A504DA628C315 /* Pods-Pryvo.debug.xcconfig */;
			buildSettings = {
				ASSETCATALOG_COMPILER_APPICON_NAME = AppIcon;
				CLANG_ENABLE_MODULES = YES;
				CODE_SIGN_ENTITLEMENTS = Pryvo/Pryvo.entitlements;
				CODE_SIGN_IDENTITY = "Apple Development";
				CODE_SIGN_STYLE = Automatic;
				CURRENT_PROJECT_VERSION = 1;
				DEVELOPMENT_TEAM = 5T9QRG5BKH;
				ENABLE_BITCODE = NO;
				INFOPLIST_FILE = Pryvo/Info.plist;
				IPHONEOS_DEPLOYMENT_TARGET = 15.1;
				LD_RUNPATH_SEARCH_PATHS = (
					"$(inherited)",
					"@executable_path/Frameworks",
				);
				MARKETING_VERSION = 1.0;
				OTHER_LDFLAGS = (
					"$(inherited)",
					"-ObjC",
					"-lc++",
				);
				PRODUCT_BUNDLE_IDENTIFIER = com.pryvo;
				PRODUCT_NAME = Pryvo;
				PROVISIONING_PROFILE_SPECIFIER = "";
				SWIFT_OPTIMIZATION_LEVEL = "-Onone";
				SWIFT_VERSION = 5.0;
				VERSIONING_SYSTEM = "apple-generic";
			};
			name = Debug;
		};
		13B07F951A680F5B00A75B9A /* Release */ = {
			isa = XCBuildConfiguration;
			baseConfigurationReference = BE4E4333EA9AB5697526E3FC /* Pods-Pryvo.release.xcconfig */;
			buildSettings = {
				ASSETCATALOG_COMPILER_APPICON_NAME = AppIcon;
				CLANG_ENABLE_MODULES = YES;
				CODE_SIGN_ENTITLEMENTS = Pryvo/Pryvo.entitlements;
				CODE_SIGN_IDENTITY = "Apple Development";
				CODE_SIGN_STYLE = Automatic;
				CURRENT_PROJECT_VERSION = 1;
				DEVELOPMENT_TEAM = 5T9QRG5BKH;
				INFOPLIST_FILE = Pryvo/Info.plist;
				IPHONEOS_DEPLOYMENT_TARGET = 15.1;
				LD_RUNPATH_SEARCH_PATHS = (
					"$(inherited)",
					"@executable_path/Frameworks",
				);
				MARKETING_VERSION = 1.0;
				OTHER_LDFLAGS = (
					"$(inherited)",
					"-ObjC",
					"-lc++",
				);
				PRODUCT_BUNDLE_IDENTIFIER = com.pryvo;
				PRODUCT_NAME = Pryvo;
				PROVISIONING_PROFILE_SPECIFIER = "";
				SWIFT_VERSION = 5.0;
				VERSIONING_SYSTEM = "apple-generic";
			};
			name = Release;
		};
		83CBBA201A601CBA00E9B192 /* Debug */ = {
			isa = XCBuildConfiguration;
			buildSettings = {
				ALWAYS_SEARCH_USER_PATHS = NO;
				CLANG_ANALYZER_LOCALIZABILITY_NONLOCALIZED = YES;
				CLANG_CXX_LANGUAGE_STANDARD = "c++20";
				CLANG_CXX_LIBRARY = "libc++";
				CLANG_ENABLE_MODULES = YES;
				CLANG_ENABLE_OBJC_ARC = YES;
				CLANG_WARN_BLOCK_CAPTURE_AUTORELEASING = YES;
				CLANG_WARN_BOOL_CONVERSION = YES;
				CLANG_WARN_COMMA = YES;
				CLANG_WARN_CONSTANT_CONVERSION = YES;
				CLANG_WARN_DEPRECATED_OBJC_IMPLEMENTATIONS = YES;
				CLANG_WARN_DIRECT_OBJC_ISA_USAGE = YES_ERROR;
				CLANG_WARN_EMPTY_BODY = YES;
				CLANG_WARN_ENUM_CONVERSION = YES;
				CLANG_WARN_INFINITE_RECURSION = YES;
				CLANG_WARN_INT_CONVERSION = YES;
				CLANG_WARN_NON_LITERAL_NULL_CONVERSION = YES;
				CLANG_WARN_OBJC_IMPLICIT_RETAIN_SELF = YES;
				CLANG_WARN_OBJC_LITERAL_CONVERSION = YES;
				CLANG_WARN_OBJC_ROOT_CLASS = YES_ERROR;
				CLANG_WARN_QUOTED_INCLUDE_IN_FRAMEWORK_HEADER = YES;
				CLANG_WARN_RANGE_LOOP_ANALYSIS = YES;
				CLANG_WARN_STRICT_PROTOTYPES = YES;
				CLANG_WARN_SUSPICIOUS_MOVE = YES;
				CLANG_WARN_UNREACHABLE_CODE = YES;
				CLANG_WARN__DUPLICATE_METHOD_MATCH = YES;
				"CODE_SIGN_IDENTITY[sdk=iphoneos*]" = "iPhone Developer";
				COPY_PHASE_STRIP = NO;
				ENABLE_STRICT_OBJC_MSGSEND = YES;
				ENABLE_TESTABILITY = YES;
				"EXCLUDED_ARCHS[sdk=iphonesimulator*]" = "";
				GCC_C_LANGUAGE_STANDARD = gnu99;
				GCC_DYNAMIC_NO_PIC = NO;
				GCC_NO_COMMON_BLOCKS = YES;
				GCC_OPTIMIZATION_LEVEL = 0;
				GCC_PREPROCESSOR_DEFINITIONS = (
					"DEBUG=1",
					"$(inherited)",
				);
				GCC_SYMBOLS_PRIVATE_EXTERN = NO;
				GCC_WARN_64_TO_32_BIT_CONVERSION = YES;
				GCC_WARN_ABOUT_RETURN_TYPE = YES_ERROR;
				GCC_WARN_UNDECLARED_SELECTOR = YES;
				GCC_WARN_UNINITIALIZED_AUTOS = YES_AGGRESSIVE;
				GCC_WARN_UNUSED_FUNCTION = YES;
				GCC_WARN_UNUSED_VARIABLE = YES;
				HEADER_SEARCH_PATHS = (
					"$(inherited)",
					"${PODS_CONFIGURATION_BUILD_DIR}/ReactCommon/ReactCommon.framework/Headers",
					"${PODS_CONFIGURATION_BUILD_DIR}/ReactCommon/ReactCommon.framework/Headers/react/nativemodule/core",
					"${PODS_CONFIGURATION_BUILD_DIR}/ReactCommon-Samples/ReactCommon_Samples.framework/Headers",
					"${PODS_CONFIGURATION_BUILD_DIR}/ReactCommon-Samples/ReactCommon_Samples.framework/Headers/platform/ios",
					"${PODS_CONFIGURATION_BUILD_DIR}/React-Fabric/React_Fabric.framework/Headers/react/renderer/components/view/platform/cxx",
					"${PODS_CONFIGURATION_BUILD_DIR}/React-NativeModulesApple/React_NativeModulesApple.framework/Headers",
					"${PODS_CONFIGURATION_BUILD_DIR}/React-graphics/React_graphics.framework/Headers",
					"${PODS_CONFIGURATION_BUILD_DIR}/React-graphics/React_graphics.framework/Headers/react/renderer/graphics/platform/ios",
				);
				IPHONEOS_DEPLOYMENT_TARGET = 15.1;
				LD_RUNPATH_SEARCH_PATHS = (
					/usr/lib/swift,
					"$(inherited)",
				);
				LIBRARY_SEARCH_PATHS = (
					"\"$(SDKROOT)/usr/lib/swift\"",
					"\"$(TOOLCHAIN_DIR)/usr/lib/swift/$(PLATFORM_NAME)\"",
					"\"$(inherited)\"",
				);
				MTL_ENABLE_DEBUG_INFO = YES;
				ONLY_ACTIVE_ARCH = YES;
				OTHER_CPLUSPLUSFLAGS = (
					"$(OTHER_CFLAGS)",
					"-DFOLLY_NO_CONFIG",
					"-DFOLLY_MOBILE=1",
					"-DFOLLY_USE_LIBCPP=1",
					"-DFOLLY_CFG_NO_COROUTINES=1",
					"-DFOLLY_HAVE_CLOCK_GETTIME=1",
				);
				OTHER_LDFLAGS = "$(inherited)  ";
				REACT_NATIVE_PATH = "${PODS_ROOT}/../../node_modules/react-native";
				SDKROOT = iphoneos;
				SWIFT_ACTIVE_COMPILATION_CONDITIONS = "$(inherited) DEBUG";
				USE_HERMES = true;
			};
			name = Debug;
		};
		83CBBA211A601CBA00E9B192 /* Release */ = {
			isa = XCBuildConfiguration;
			buildSettings = {
				ALWAYS_SEARCH_USER_PATHS = NO;
				CLANG_ANALYZER_LOCALIZABILITY_NONLOCALIZED = YES;
				CLANG_CXX_LANGUAGE_STANDARD = "c++20";
				CLANG_CXX_LIBRARY = "libc++";
				CLANG_ENABLE_MODULES = YES;
				CLANG_ENABLE_OBJC_ARC = YES;
				CLANG_WARN_BLOCK_CAPTURE_AUTORELEASING = YES;
				CLANG_WARN_BOOL_CONVERSION = YES;
				CLANG_WARN_COMMA = YES;
				CLANG_WARN_CONSTANT_CONVERSION = YES;
				CLANG_WARN_DEPRECATED_OBJC_IMPLEMENTATIONS = YES;
				CLANG_WARN_DIRECT_OBJC_ISA_USAGE = YES_ERROR;
				CLANG_WARN_EMPTY_BODY = YES;
				CLANG_WARN_ENUM_CONVERSION = YES;
				CLANG_WARN_INFINITE_RECURSION = YES;
				CLANG_WARN_INT_CONVERSION = YES;
				CLANG_WARN_NON_LITERAL_NULL_CONVERSION = YES;
				CLANG_WARN_OBJC_IMPLICIT_RETAIN_SELF = YES;
				CLANG_WARN_OBJC_LITERAL_CONVERSION = YES;
				CLANG_WARN_OBJC_ROOT_CLASS = YES_ERROR;
				CLANG_WARN_QUOTED_INCLUDE_IN_FRAMEWORK_HEADER = YES;
				CLANG_WARN_RANGE_LOOP_ANALYSIS = YES;
				CLANG_WARN_STRICT_PROTOTYPES = YES;
				CLANG_WARN_SUSPICIOUS_MOVE = YES;
				CLANG_WARN_UNREACHABLE_CODE = YES;
				CLANG_WARN__DUPLICATE_METHOD_MATCH = YES;
				"CODE_SIGN_IDENTITY[sdk=iphoneos*]" = "iPhone Developer";
				COPY_PHASE_STRIP = YES;
				ENABLE_NS_ASSERTIONS = NO;
				ENABLE_STRICT_OBJC_MSGSEND = YES;
				"EXCLUDED_ARCHS[sdk=iphonesimulator*]" = "";
				GCC_C_LANGUAGE_STANDARD = gnu99;
				GCC_NO_COMMON_BLOCKS = YES;
				GCC_WARN_64_TO_32_BIT_CONVERSION = YES;
				GCC_WARN_ABOUT_RETURN_TYPE = YES_ERROR;
				GCC_WARN_UNDECLARED_SELECTOR = YES;
				GCC_WARN_UNINITIALIZED_AUTOS = YES_AGGRESSIVE;
				GCC_WARN_UNUSED_FUNCTION = YES;
				GCC_WARN_UNUSED_VARIABLE = YES;
				HEADER_SEARCH_PATHS = (
					"$(inherited)",
					"${PODS_CONFIGURATION_BUILD_DIR}/ReactCommon/ReactCommon.framework/Headers",
					"${PODS_CONFIGURATION_BUILD_DIR}/ReactCommon/ReactCommon.framework/Headers/react/nativemodule/core",
					"${PODS_CONFIGURATION_BUILD_DIR}/ReactCommon-Samples/ReactCommon_Samples.framework/Headers",
					"${PODS_CONFIGURATION_BUILD_DIR}/ReactCommon-Samples/ReactCommon_Samples.framework/Headers/platform/ios",
					"${PODS_CONFIGURATION_BUILD_DIR}/React-Fabric/React_Fabric.framework/Headers/react/renderer/components/view/platform/cxx",
					"${PODS_CONFIGURATION_BUILD_DIR}/React-NativeModulesApple/React_NativeModulesApple.framework/Headers",
					"${PODS_CONFIGURATION_BUILD_DIR}/React-graphics/React_graphics.framework/Headers",
					"${PODS_CONFIGURATION_BUILD_DIR}/React-graphics/React_graphics.framework/Headers/react/renderer/graphics/platform/ios",
				);
				IPHONEOS_DEPLOYMENT_TARGET = 15.1;
				LD_RUNPATH_SEARCH_PATHS = (
					/usr/lib/swift,
					"$(inherited)",
				);
				LIBRARY_SEARCH_PATHS = (
					"\"$(SDKROOT)/usr/lib/swift\"",
					"\"$(TOOLCHAIN_DIR)/usr/lib/swift/$(PLATFORM_NAME)\"",
					"\"$(inherited)\"",
				);
				MTL_ENABLE_DEBUG_INFO = NO;
				OTHER_CPLUSPLUSFLAGS = (
					"$(OTHER_CFLAGS)",
					"-DFOLLY_NO_CONFIG",
					"-DFOLLY_MOBILE=1",
					"-DFOLLY_USE_LIBCPP=1",
					"-DFOLLY_CFG_NO_COROUTINES=1",
					"-DFOLLY_HAVE_CLOCK_GETTIME=1",
				);
				OTHER_LDFLAGS = "$(inherited)  ";
				REACT_NATIVE_PATH = "${PODS_ROOT}/../../node_modules/react-native";
				SDKROOT = iphoneos;
				USE_HERMES = true;
				VALIDATE_PRODUCT = YES;
			};
			name = Release;
		};
/* End XCBuildConfiguration section */

/* Begin XCConfigurationList section */
		00E357021AD99517003FC87E /* Build configuration list for PBXNativeTarget "PryvoTests" */ = {
			isa = XCConfigurationList;
			buildConfigurations = (
				00E356F61AD99517003FC87E /* Debug */,
				00E356F71AD99517003FC87E /* Release */,
			);
			defaultConfigurationIsVisible = 0;
			defaultConfigurationName = Release;
		};
		13B07F931A680F5B00A75B9A /* Build configuration list for PBXNativeTarget "Pryvo" */ = {
			isa = XCConfigurationList;
			buildConfigurations = (
				13B07F941A680F5B00A75B9A /* Debug */,
				13B07F951A680F5B00A75B9A /* Release */,
			);
			defaultConfigurationIsVisible = 0;
			defaultConfigurationName = Release;
		};
		83CBB9FA1A601CBA00E9B192 /* Build configuration list for PBXProject "Pryvo" */ = {
			isa = XCConfigurationList;
			buildConfigurations = (
				83CBBA201A601CBA00E9B192 /* Debug */,
				83CBBA211A601CBA00E9B192 /* Release */,
			);
			defaultConfigurationIsVisible = 0;
			defaultConfigurationName = Release;
		};
/* End XCConfigurationList section */
	};
	rootObject = 83CBB9F71A601CBA00E9B192 /* Project object */;
}
